{
    "version": 3,
    "terraform_version": "0.12.31",
    "serial": 1,
    "lineage": "e8f5f7ef-3fb5-e4ac-d46f-7e35cff69ccf",
    "modules": [
        {
            "path": [
                "root"
            ],
            "outputs": {
                "aws_iam_group_policy_attachment_tfer--Admin_AdministratorAccess_id": {
                    "sensitive": false,
                    "type": "string",
                    "value": "Admin/arn:aws:iam::aws:policy/AdministratorAccess"
                },
                "aws_iam_group_tfer--Admin_id": {
                    "sensitive": false,
                    "type": "string",
                    "value": "Admin"
                },
                "aws_iam_policy_tfer--Amazon_EventBridge_Invoke_Step_Functions_1380056641_id": {
                    "sensitive": false,
                    "type": "string",
                    "value": "arn:aws:iam::582242502570:policy/service-role/Amazon_EventBridge_Invoke_Step_Functions_1380056641"
                },
                "aws_iam_policy_tfer--LambdaInvokeScopedAccessPolicy-1c8524e8-bc81-464c-9cf8-fa83eab61392_id": {
                    "sensitive": false,
                    "type": "string",
                    "value": "arn:aws:iam::582242502570:policy/service-role/LambdaInvokeScopedAccessPolicy-1c8524e8-bc81-464c-9cf8-fa83eab61392"
                },
                "aws_iam_policy_tfer--LambdaInvokeScopedAccessPolicy-3a28ace4-70b7-49f7-8828-a47554c8bc09_id": {
                    "sensitive": false,
                    "type": "string",
                    "value": "arn:aws:iam::582242502570:policy/service-role/LambdaInvokeScopedAccessPolicy-3a28ace4-70b7-49f7-8828-a47554c8bc09"
                },
                "aws_iam_policy_tfer--LambdaInvokeScopedAccessPolicy-87ba114e-1cec-49bc-aeac-c0cf508ce8af_id": {
                    "sensitive": false,
                    "type": "string",
                    "value": "arn:aws:iam::582242502570:policy/service-role/LambdaInvokeScopedAccessPolicy-87ba114e-1cec-49bc-aeac-c0cf508ce8af"
                },
                "aws_iam_policy_tfer--XRayAccessPolicy-16a781f7-902a-4432-85b7-86b498c90854_id": {
                    "sensitive": false,
                    "type": "string",
                    "value": "arn:aws:iam::582242502570:policy/service-role/XRayAccessPolicy-16a781f7-902a-4432-85b7-86b498c90854"
                },
                "aws_iam_policy_tfer--XRayAccessPolicy-3b39a036-2309-4296-9711-43a4aed54c2a_id": {
                    "sensitive": false,
                    "type": "string",
                    "value": "arn:aws:iam::582242502570:policy/service-role/XRayAccessPolicy-3b39a036-2309-4296-9711-43a4aed54c2a"
                },
                "aws_iam_policy_tfer--XRayAccessPolicy-72130e2d-0d95-4c6b-94d4-be1b8e6a40d3_id": {
                    "sensitive": false,
                    "type": "string",
                    "value": "arn:aws:iam::582242502570:policy/service-role/XRayAccessPolicy-72130e2d-0d95-4c6b-94d4-be1b8e6a40d3"
                },
                "aws_iam_policy_tfer--XRayAccessPolicy-e27b3f6a-0e35-4e18-9b91-649263a66e06_id": {
                    "sensitive": false,
                    "type": "string",
                    "value": "arn:aws:iam::582242502570:policy/service-role/XRayAccessPolicy-e27b3f6a-0e35-4e18-9b91-649263a66e06"
                },
                "aws_iam_role_policy_attachment_tfer--AWSServiceRoleForAPIGateway_APIGatewayServiceRolePolicy_id": {
                    "sensitive": false,
                    "type": "string",
                    "value": "AWSServiceRoleForAPIGateway/arn:aws:iam::aws:policy/aws-service-role/APIGatewayServiceRolePolicy"
                },
                "aws_iam_role_policy_attachment_tfer--AWSServiceRoleForApplicationAutoScaling_DynamoDBTable_AWSApplicationAutoscalingDynamoDBTablePolicy_id": {
                    "sensitive": false,
                    "type": "string",
                    "value": "AWSServiceRoleForApplicationAutoScaling_DynamoDBTable/arn:aws:iam::aws:policy/aws-service-role/AWSApplicationAutoscalingDynamoDBTablePolicy"
                },
                "aws_iam_role_policy_attachment_tfer--AWSServiceRoleForOrganizations_AWSOrganizationsServiceTrustPolicy_id": {
                    "sensitive": false,
                    "type": "string",
                    "value": "AWSServiceRoleForOrganizations/arn:aws:iam::aws:policy/aws-service-role/AWSOrganizationsServiceTrustPolicy"
                },
                "aws_iam_role_policy_attachment_tfer--AWSServiceRoleForSupport_AWSSupportServiceRolePolicy_id": {
                    "sensitive": false,
                    "type": "string",
                    "value": "AWSServiceRoleForSupport/arn:aws:iam::aws:policy/aws-service-role/AWSSupportServiceRolePolicy"
                },
                "aws_iam_role_policy_attachment_tfer--AWSServiceRoleForTrustedAdvisor_AWSTrustedAdvisorServiceRolePolicy_id": {
                    "sensitive": false,
                    "type": "string",
                    "value": "AWSServiceRoleForTrustedAdvisor/arn:aws:iam::aws:policy/aws-service-role/AWSTrustedAdvisorServiceRolePolicy"
                },
                "aws_iam_role_policy_attachment_tfer--Amazon_EventBridge_Invoke_Step_Functions_1380056641_Amazon_EventBridge_Invoke_Step_Functions_1380056641_id": {
                    "sensitive": false,
                    "type": "string",
                    "value": "Amazon_EventBridge_Invoke_Step_Functions_1380056641/arn:aws:iam::582242502570:policy/service-role/Amazon_EventBridge_Invoke_Step_Functions_1380056641"
                },
                "aws_iam_role_policy_attachment_tfer--StepFunctions-HelloWorld-role-13892438_XRayAccessPolicy-3b39a036-2309-4296-9711-43a4aed54c2a_id": {
                    "sensitive": false,
                    "type": "string",
                    "value": "StepFunctions-HelloWorld-role-13892438/arn:aws:iam::582242502570:policy/service-role/XRayAccessPolicy-3b39a036-2309-4296-9711-43a4aed54c2a"
                },
                "aws_iam_role_policy_attachment_tfer--StepFunctions-MyStateMachine-role-24657fce_AWSLambdaExecute_id": {
                    "sensitive": false,
                    "type": "string",
                    "value": "StepFunctions-MyStateMachine-role-24657fce/arn:aws:iam::aws:policy/AWSLambdaExecute"
                },
                "aws_iam_role_policy_attachment_tfer--StepFunctions-MyStateMachine-role-24657fce_AWSLambdaRole_id": {
                    "sensitive": false,
                    "type": "string",
                    "value": "StepFunctions-MyStateMachine-role-24657fce/arn:aws:iam::aws:policy/service-role/AWSLambdaRole"
                },
                "aws_iam_role_policy_attachment_tfer--StepFunctions-MyStateMachine-role-24657fce_LambdaInvokeScopedAccessPolicy-1c8524e8-bc81-464c-9cf8-fa83eab61392_id": {
                    "sensitive": false,
                    "type": "string",
                    "value": "StepFunctions-MyStateMachine-role-24657fce/arn:aws:iam::582242502570:policy/service-role/LambdaInvokeScopedAccessPolicy-1c8524e8-bc81-464c-9cf8-fa83eab61392"
                },
                "aws_iam_role_policy_attachment_tfer--StepFunctions-MyStateMachine-role-24657fce_LambdaInvokeScopedAccessPolicy-87ba114e-1cec-49bc-aeac-c0cf508ce8af_id": {
                    "sensitive": false,
                    "type": "string",
                    "value": "StepFunctions-MyStateMachine-role-24657fce/arn:aws:iam::582242502570:policy/service-role/LambdaInvokeScopedAccessPolicy-87ba114e-1cec-49bc-aeac-c0cf508ce8af"
                },
                "aws_iam_role_policy_attachment_tfer--StepFunctions-MyStateMachine-role-24657fce_XRayAccessPolicy-16a781f7-902a-4432-85b7-86b498c90854_id": {
                    "sensitive": false,
                    "type": "string",
                    "value": "StepFunctions-MyStateMachine-role-24657fce/arn:aws:iam::582242502570:policy/service-role/XRayAccessPolicy-16a781f7-902a-4432-85b7-86b498c90854"
                },
                "aws_iam_role_policy_attachment_tfer--StepFunctions-UpdateAccountInDB-role-b2d942e9_AWSLambda_FullAccess_id": {
                    "sensitive": false,
                    "type": "string",
                    "value": "StepFunctions-UpdateAccountInDB-role-b2d942e9/arn:aws:iam::aws:policy/AWSLambda_FullAccess"
                },
                "aws_iam_role_policy_attachment_tfer--StepFunctions-UpdateAccountInDB-role-b2d942e9_LambdaInvokeScopedAccessPolicy-3a28ace4-70b7-49f7-8828-a47554c8bc09_id": {
                    "sensitive": false,
                    "type": "string",
                    "value": "StepFunctions-UpdateAccountInDB-role-b2d942e9/arn:aws:iam::582242502570:policy/service-role/LambdaInvokeScopedAccessPolicy-3a28ace4-70b7-49f7-8828-a47554c8bc09"
                },
                "aws_iam_role_policy_attachment_tfer--StepFunctions-UpdateAccountInDB-role-b2d942e9_XRayAccessPolicy-72130e2d-0d95-4c6b-94d4-be1b8e6a40d3_id": {
                    "sensitive": false,
                    "type": "string",
                    "value": "StepFunctions-UpdateAccountInDB-role-b2d942e9/arn:aws:iam::582242502570:policy/service-role/XRayAccessPolicy-72130e2d-0d95-4c6b-94d4-be1b8e6a40d3"
                },
                "aws_iam_role_policy_attachment_tfer--lamba-update-account-amou-UpdateAccountAmountFunct-ADPUD24S3866_AWSLambdaBasicExecutionRole_id": {
                    "sensitive": false,
                    "type": "string",
                    "value": "lamba-update-account-amou-UpdateAccountAmountFunct-ADPUD24S3866/arn:aws:iam::aws:policy/service-role/AWSLambdaBasicExecutionRole"
                },
                "aws_iam_role_policy_attachment_tfer--lambda-db-to-step-DBToStepFunctionRole-1BCLCZ64N3QUM_AWSLambdaBasicExecutionRole_id": {
                    "sensitive": false,
                    "type": "string",
                    "value": "lambda-db-to-step-DBToStepFunctionRole-1BCLCZ64N3QUM/arn:aws:iam::aws:policy/service-role/AWSLambdaBasicExecutionRole"
                },
                "aws_iam_role_policy_attachment_tfer--lambda-db-to-step-DBToStepFunctionRole-1BCLCZ64N3QUM_AWSStepFunctionsFullAccess_id": {
                    "sensitive": false,
                    "type": "string",
                    "value": "lambda-db-to-step-DBToStepFunctionRole-1BCLCZ64N3QUM/arn:aws:iam::aws:policy/AWSStepFunctionsFullAccess"
                },
                "aws_iam_role_policy_attachment_tfer--lambda-db-to-step-DBToStepFunctionRole-1BCLCZ64N3QUM_AmazonDynamoDBFullAccess_id": {
                    "sensitive": false,
                    "type": "string",
                    "value": "lambda-db-to-step-DBToStepFunctionRole-1BCLCZ64N3QUM/arn:aws:iam::aws:policy/AmazonDynamoDBFullAccess"
                },
                "aws_iam_role_policy_attachment_tfer--lambda-read-file-ReadFileFunctionRole-EFXGQOBHB5RH_AWSLambdaBasicExecutionRole_id": {
                    "sensitive": false,
                    "type": "string",
                    "value": "lambda-read-file-ReadFileFunctionRole-EFXGQOBHB5RH/arn:aws:iam::aws:policy/service-role/AWSLambdaBasicExecutionRole"
                },
                "aws_iam_role_policy_attachment_tfer--lambda-read-file-ReadFileFunctionRole-EFXGQOBHB5RH_AmazonS3FullAccess_id": {
                    "sensitive": false,
                    "type": "string",
                    "value": "lambda-read-file-ReadFileFunctionRole-EFXGQOBHB5RH/arn:aws:iam::aws:policy/AmazonS3FullAccess"
                },
                "aws_iam_role_policy_attachment_tfer--lambda-read-file-ReadFileFunctionRole-EFXGQOBHB5RH_AmazonS3OutpostsFullAccess_id": {
                    "sensitive": false,
                    "type": "string",
                    "value": "lambda-read-file-ReadFileFunctionRole-EFXGQOBHB5RH/arn:aws:iam::aws:policy/AmazonS3OutpostsFullAccess"
                },
                "aws_iam_role_policy_attachment_tfer--lambda-read-form-db-2-ReadFromDBFunctionRole-1XS7OJVO64UC7_AWSLambdaBasicExecutionRole_id": {
                    "sensitive": false,
                    "type": "string",
                    "value": "lambda-read-form-db-2-ReadFromDBFunctionRole-1XS7OJVO64UC7/arn:aws:iam::aws:policy/service-role/AWSLambdaBasicExecutionRole"
                },
                "aws_iam_role_policy_attachment_tfer--lambda-read-form-db-2-ReadFromDBFunctionRole-1XS7OJVO64UC7_AmazonDynamoDBFullAccess_id": {
                    "sensitive": false,
                    "type": "string",
                    "value": "lambda-read-form-db-2-ReadFromDBFunctionRole-1XS7OJVO64UC7/arn:aws:iam::aws:policy/AmazonDynamoDBFullAccess"
                },
                "aws_iam_role_policy_attachment_tfer--lambda-store-to-db-StoreToDBFunctionRole-1Q27HWRJ6H37R_AWSLambdaBasicExecutionRole_id": {
                    "sensitive": false,
                    "type": "string",
                    "value": "lambda-store-to-db-StoreToDBFunctionRole-1Q27HWRJ6H37R/arn:aws:iam::aws:policy/service-role/AWSLambdaBasicExecutionRole"
                },
                "aws_iam_role_policy_attachment_tfer--lambda-store-to-db-StoreToDBFunctionRole-1Q27HWRJ6H37R_AmazonDynamoDBFullAccess_id": {
                    "sensitive": false,
                    "type": "string",
                    "value": "lambda-store-to-db-StoreToDBFunctionRole-1Q27HWRJ6H37R/arn:aws:iam::aws:policy/AmazonDynamoDBFullAccess"
                },
                "aws_iam_role_policy_attachment_tfer--readfile-ReadFileFunctionRole-174X0W1E7BSON_AWSLambdaBasicExecutionRole_id": {
                    "sensitive": false,
                    "type": "string",
                    "value": "readfile-ReadFileFunctionRole-174X0W1E7BSON/arn:aws:iam::aws:policy/service-role/AWSLambdaBasicExecutionRole"
                },
                "aws_iam_role_policy_attachment_tfer--readfile-ReadFileFunctionRole-174X0W1E7BSON_AmazonS3FullAccess_id": {
                    "sensitive": false,
                    "type": "string",
                    "value": "readfile-ReadFileFunctionRole-174X0W1E7BSON/arn:aws:iam::aws:policy/AmazonS3FullAccess"
                },
                "aws_iam_role_policy_attachment_tfer--readfile-ReadFileFunctionRole-174X0W1E7BSON_AmazonS3OutpostsFullAccess_id": {
                    "sensitive": false,
                    "type": "string",
                    "value": "readfile-ReadFileFunctionRole-174X0W1E7BSON/arn:aws:iam::aws:policy/AmazonS3OutpostsFullAccess"
                },
                "aws_iam_role_tfer--AWSServiceRoleForAPIGateway_id": {
                    "sensitive": false,
                    "type": "string",
                    "value": "AWSServiceRoleForAPIGateway"
                },
                "aws_iam_role_tfer--AWSServiceRoleForApplicationAutoScaling_DynamoDBTable_id": {
                    "sensitive": false,
                    "type": "string",
                    "value": "AWSServiceRoleForApplicationAutoScaling_DynamoDBTable"
                },
                "aws_iam_role_tfer--AWSServiceRoleForOrganizations_id": {
                    "sensitive": false,
                    "type": "string",
                    "value": "AWSServiceRoleForOrganizations"
                },
                "aws_iam_role_tfer--AWSServiceRoleForSupport_id": {
                    "sensitive": false,
                    "type": "string",
                    "value": "AWSServiceRoleForSupport"
                },
                "aws_iam_role_tfer--AWSServiceRoleForTrustedAdvisor_id": {
                    "sensitive": false,
                    "type": "string",
                    "value": "AWSServiceRoleForTrustedAdvisor"
                },
                "aws_iam_role_tfer--Amazon_EventBridge_Invoke_Step_Functions_1380056641_id": {
                    "sensitive": false,
                    "type": "string",
                    "value": "Amazon_EventBridge_Invoke_Step_Functions_1380056641"
                },
                "aws_iam_role_tfer--StepFunctions-HelloWorld-role-13892438_id": {
                    "sensitive": false,
                    "type": "string",
                    "value": "StepFunctions-HelloWorld-role-13892438"
                },
                "aws_iam_role_tfer--StepFunctions-MyStateMachine-role-24657fce_id": {
                    "sensitive": false,
                    "type": "string",
                    "value": "StepFunctions-MyStateMachine-role-24657fce"
                },
                "aws_iam_role_tfer--StepFunctions-UpdateAccountInDB-role-b2d942e9_id": {
                    "sensitive": false,
                    "type": "string",
                    "value": "StepFunctions-UpdateAccountInDB-role-b2d942e9"
                },
                "aws_iam_role_tfer--lamba-update-account-amou-UpdateAccountAmountFunct-ADPUD24S3866_id": {
                    "sensitive": false,
                    "type": "string",
                    "value": "lamba-update-account-amou-UpdateAccountAmountFunct-ADPUD24S3866"
                },
                "aws_iam_role_tfer--lambda-db-to-step-DBToStepFunctionRole-1BCLCZ64N3QUM_id": {
                    "sensitive": false,
                    "type": "string",
                    "value": "lambda-db-to-step-DBToStepFunctionRole-1BCLCZ64N3QUM"
                },
                "aws_iam_role_tfer--lambda-read-file-ReadFileFunctionRole-EFXGQOBHB5RH_id": {
                    "sensitive": false,
                    "type": "string",
                    "value": "lambda-read-file-ReadFileFunctionRole-EFXGQOBHB5RH"
                },
                "aws_iam_role_tfer--lambda-read-form-db-2-ReadFromDBFunctionRole-1XS7OJVO64UC7_id": {
                    "sensitive": false,
                    "type": "string",
                    "value": "lambda-read-form-db-2-ReadFromDBFunctionRole-1XS7OJVO64UC7"
                },
                "aws_iam_role_tfer--lambda-store-to-db-StoreToDBFunctionRole-1Q27HWRJ6H37R_id": {
                    "sensitive": false,
                    "type": "string",
                    "value": "lambda-store-to-db-StoreToDBFunctionRole-1Q27HWRJ6H37R"
                },
                "aws_iam_role_tfer--lambda_role_id": {
                    "sensitive": false,
                    "type": "string",
                    "value": "lambda_role"
                },
                "aws_iam_role_tfer--readfile-ReadFileFunctionRole-174X0W1E7BSON_id": {
                    "sensitive": false,
                    "type": "string",
                    "value": "readfile-ReadFileFunctionRole-174X0W1E7BSON"
                },
                "aws_iam_user_group_membership_tfer--akobr-002F-Admin_id": {
                    "sensitive": false,
                    "type": "string",
                    "value": "akobr/Admin"
                },
                "aws_iam_user_policy_attachment_tfer--akobr_AWSCloudTrail_FullAccess_id": {
                    "sensitive": false,
                    "type": "string",
                    "value": "akobr/arn:aws:iam::aws:policy/AWSCloudTrail_FullAccess"
                },
                "aws_iam_user_policy_attachment_tfer--akobr_AWSCodeDeployRoleForLambda_id": {
                    "sensitive": false,
                    "type": "string",
                    "value": "akobr/arn:aws:iam::aws:policy/service-role/AWSCodeDeployRoleForLambda"
                },
                "aws_iam_user_policy_attachment_tfer--akobr_AWSLambdaExecute_id": {
                    "sensitive": false,
                    "type": "string",
                    "value": "akobr/arn:aws:iam::aws:policy/AWSLambdaExecute"
                },
                "aws_iam_user_policy_attachment_tfer--akobr_AWSLambdaInvocation-DynamoDB_id": {
                    "sensitive": false,
                    "type": "string",
                    "value": "akobr/arn:aws:iam::aws:policy/AWSLambdaInvocation-DynamoDB"
                },
                "aws_iam_user_policy_attachment_tfer--akobr_AWSLambdaRole_id": {
                    "sensitive": false,
                    "type": "string",
                    "value": "akobr/arn:aws:iam::aws:policy/service-role/AWSLambdaRole"
                },
                "aws_iam_user_policy_attachment_tfer--akobr_AWSLambda_FullAccess_id": {
                    "sensitive": false,
                    "type": "string",
                    "value": "akobr/arn:aws:iam::aws:policy/AWSLambda_FullAccess"
                },
                "aws_iam_user_policy_attachment_tfer--akobr_AmazonEventBridgeFullAccess_id": {
                    "sensitive": false,
                    "type": "string",
                    "value": "akobr/arn:aws:iam::aws:policy/AmazonEventBridgeFullAccess"
                },
                "aws_iam_user_policy_attachment_tfer--akobr_AmazonS3FullAccess_id": {
                    "sensitive": false,
                    "type": "string",
                    "value": "akobr/arn:aws:iam::aws:policy/AmazonS3FullAccess"
                },
                "aws_iam_user_policy_attachment_tfer--akobr_AmazonS3ObjectLambdaExecutionRolePolicy_id": {
                    "sensitive": false,
                    "type": "string",
                    "value": "akobr/arn:aws:iam::aws:policy/service-role/AmazonS3ObjectLambdaExecutionRolePolicy"
                },
                "aws_iam_user_policy_attachment_tfer--akobr_AmazonS3OutpostsFullAccess_id": {
                    "sensitive": false,
                    "type": "string",
                    "value": "akobr/arn:aws:iam::aws:policy/AmazonS3OutpostsFullAccess"
                },
                "aws_iam_user_tfer--AIDAYPEC3Q6VBBWMIVNCU_id": {
                    "sensitive": false,
                    "type": "string",
                    "value": "akobr"
                }
            },
            "resources": {
                "aws_iam_group.tfer--Admin": {
                    "type": "aws_iam_group",
                    "depends_on": [],
                    "primary": {
                        "id": "Admin",
                        "attributes": {
                            "arn": "arn:aws:iam::582242502570:group/Admin",
                            "id": "Admin",
                            "name": "Admin",
                            "path": "/",
                            "unique_id": "AGPAYPEC3Q6VKUJD3CP5G"
                        },
                        "meta": {
                            "schema_version": 0
                        },
                        "tainted": false
                    },
                    "deposed": [],
                    "provider": "provider.aws"
                },
                "aws_iam_group_policy_attachment.tfer--Admin_AdministratorAccess": {
                    "type": "aws_iam_group_policy_attachment",
                    "depends_on": [],
                    "primary": {
                        "id": "Admin/arn:aws:iam::aws:policy/AdministratorAccess",
                        "attributes": {
                            "group": "Admin",
                            "id": "Admin/arn:aws:iam::aws:policy/AdministratorAccess",
                            "policy_arn": "arn:aws:iam::aws:policy/AdministratorAccess"
                        },
                        "meta": {
                            "schema_version": 0
                        },
                        "tainted": false
                    },
                    "deposed": [],
                    "provider": "provider.aws"
                },
                "aws_iam_policy.tfer--Amazon_EventBridge_Invoke_Step_Functions_1380056641": {
                    "type": "aws_iam_policy",
                    "depends_on": [],
                    "primary": {
                        "id": "arn:aws:iam::582242502570:policy/service-role/Amazon_EventBridge_Invoke_Step_Functions_1380056641",
                        "attributes": {
                            "arn": "arn:aws:iam::582242502570:policy/service-role/Amazon_EventBridge_Invoke_Step_Functions_1380056641",
                            "description": "",
                            "id": "arn:aws:iam::582242502570:policy/service-role/Amazon_EventBridge_Invoke_Step_Functions_1380056641",
                            "name": "Amazon_EventBridge_Invoke_Step_Functions_1380056641",
                            "path": "/service-role/",
                            "policy": "{\"Statement\":[{\"Action\":[\"states:StartExecution\"],\"Effect\":\"Allow\",\"Resource\":[\"arn:aws:states:eu-central-1:582242502570:stateMachine:MyStateMachine\"]}],\"Version\":\"2012-10-17\"}",
                            "policy_id": "ANPAYPEC3Q6VCQGVSDYA3",
                            "tags.%": "0",
                            "tags_all.%": "0"
                        },
                        "meta": {
                            "schema_version": 0
                        },
                        "tainted": false
                    },
                    "deposed": [],
                    "provider": "provider.aws"
                },
                "aws_iam_policy.tfer--LambdaInvokeScopedAccessPolicy-1c8524e8-bc81-464c-9cf8-fa83eab61392": {
                    "type": "aws_iam_policy",
                    "depends_on": [],
                    "primary": {
                        "id": "arn:aws:iam::582242502570:policy/service-role/LambdaInvokeScopedAccessPolicy-1c8524e8-bc81-464c-9cf8-fa83eab61392",
                        "attributes": {
                            "arn": "arn:aws:iam::582242502570:policy/service-role/LambdaInvokeScopedAccessPolicy-1c8524e8-bc81-464c-9cf8-fa83eab61392",
                            "description": "Allow AWS Step Functions to invoke Lambda functions on your behalf",
                            "id": "arn:aws:iam::582242502570:policy/service-role/LambdaInvokeScopedAccessPolicy-1c8524e8-bc81-464c-9cf8-fa83eab61392",
                            "name": "LambdaInvokeScopedAccessPolicy-1c8524e8-bc81-464c-9cf8-fa83eab61392",
                            "path": "/service-role/",
                            "policy": "{\"Statement\":[{\"Action\":[\"lambda:InvokeFunction\"],\"Effect\":\"Allow\",\"Resource\":[\"arn:aws:lambda:eu-central-1:582242502570:function:readfile-ReadFileFunction-CH00rlFFqtsZ:*\"]},{\"Action\":[\"lambda:InvokeFunction\"],\"Effect\":\"Allow\",\"Resource\":[\"arn:aws:lambda:eu-central-1:582242502570:function:readfile-ReadFileFunction-CH00rlFFqtsZ\"]}],\"Version\":\"2012-10-17\"}",
                            "policy_id": "ANPAYPEC3Q6VBM4ZCYJVD",
                            "tags.%": "0",
                            "tags_all.%": "0"
                        },
                        "meta": {
                            "schema_version": 0
                        },
                        "tainted": false
                    },
                    "deposed": [],
                    "provider": "provider.aws"
                },
                "aws_iam_policy.tfer--LambdaInvokeScopedAccessPolicy-3a28ace4-70b7-49f7-8828-a47554c8bc09": {
                    "type": "aws_iam_policy",
                    "depends_on": [],
                    "primary": {
                        "id": "arn:aws:iam::582242502570:policy/service-role/LambdaInvokeScopedAccessPolicy-3a28ace4-70b7-49f7-8828-a47554c8bc09",
                        "attributes": {
                            "arn": "arn:aws:iam::582242502570:policy/service-role/LambdaInvokeScopedAccessPolicy-3a28ace4-70b7-49f7-8828-a47554c8bc09",
                            "description": "Allow AWS Step Functions to invoke Lambda functions on your behalf",
                            "id": "arn:aws:iam::582242502570:policy/service-role/LambdaInvokeScopedAccessPolicy-3a28ace4-70b7-49f7-8828-a47554c8bc09",
                            "name": "LambdaInvokeScopedAccessPolicy-3a28ace4-70b7-49f7-8828-a47554c8bc09",
                            "path": "/service-role/",
                            "policy": "{\"Statement\":[{\"Action\":[\"lambda:InvokeFunction\"],\"Effect\":\"Allow\",\"Resource\":[\"arn:aws:lambda:eu-central-1:582242502570:function:lambda-read-form-db-2-ReadFromDBFunction-jdRUYiThNzK2:*\"]},{\"Action\":[\"lambda:InvokeFunction\"],\"Effect\":\"Allow\",\"Resource\":[\"arn:aws:lambda:eu-central-1:582242502570:function:lambda-read-form-db-2-ReadFromDBFunction-jdRUYiThNzK2\"]}],\"Version\":\"2012-10-17\"}",
                            "policy_id": "ANPAYPEC3Q6VJQLT647OP",
                            "tags.%": "0",
                            "tags_all.%": "0"
                        },
                        "meta": {
                            "schema_version": 0
                        },
                        "tainted": false
                    },
                    "deposed": [],
                    "provider": "provider.aws"
                },
                "aws_iam_policy.tfer--LambdaInvokeScopedAccessPolicy-87ba114e-1cec-49bc-aeac-c0cf508ce8af": {
                    "type": "aws_iam_policy",
                    "depends_on": [],
                    "primary": {
                        "id": "arn:aws:iam::582242502570:policy/service-role/LambdaInvokeScopedAccessPolicy-87ba114e-1cec-49bc-aeac-c0cf508ce8af",
                        "attributes": {
                            "arn": "arn:aws:iam::582242502570:policy/service-role/LambdaInvokeScopedAccessPolicy-87ba114e-1cec-49bc-aeac-c0cf508ce8af",
                            "description": "Allow AWS Step Functions to invoke Lambda functions on your behalf",
                            "id": "arn:aws:iam::582242502570:policy/service-role/LambdaInvokeScopedAccessPolicy-87ba114e-1cec-49bc-aeac-c0cf508ce8af",
                            "name": "LambdaInvokeScopedAccessPolicy-87ba114e-1cec-49bc-aeac-c0cf508ce8af",
                            "path": "/service-role/",
                            "policy": "{\"Statement\":[{\"Action\":[\"lambda:InvokeFunction\"],\"Effect\":\"Allow\",\"Resource\":[\"arn:aws:lambda:eu-central-1:582242502570:function:readfile-ReadFileFunction-CH00rlFFqtsZ:*\"]},{\"Action\":[\"lambda:InvokeFunction\"],\"Effect\":\"Allow\",\"Resource\":[\"arn:aws:lambda:eu-central-1:582242502570:function:readfile-ReadFileFunction-CH00rlFFqtsZ\"]}],\"Version\":\"2012-10-17\"}",
                            "policy_id": "ANPAYPEC3Q6VO7JK34D67",
                            "tags.%": "0",
                            "tags_all.%": "0"
                        },
                        "meta": {
                            "schema_version": 0
                        },
                        "tainted": false
                    },
                    "deposed": [],
                    "provider": "provider.aws"
                },
                "aws_iam_policy.tfer--XRayAccessPolicy-16a781f7-902a-4432-85b7-86b498c90854": {
                    "type": "aws_iam_policy",
                    "depends_on": [],
                    "primary": {
                        "id": "arn:aws:iam::582242502570:policy/service-role/XRayAccessPolicy-16a781f7-902a-4432-85b7-86b498c90854",
                        "attributes": {
                            "arn": "arn:aws:iam::582242502570:policy/service-role/XRayAccessPolicy-16a781f7-902a-4432-85b7-86b498c90854",
                            "description": "Allow AWS Step Functions to call X-Ray daemon on your behalf",
                            "id": "arn:aws:iam::582242502570:policy/service-role/XRayAccessPolicy-16a781f7-902a-4432-85b7-86b498c90854",
                            "name": "XRayAccessPolicy-16a781f7-902a-4432-85b7-86b498c90854",
                            "path": "/service-role/",
                            "policy": "{\"Statement\":[{\"Action\":[\"xray:PutTraceSegments\",\"xray:PutTelemetryRecords\",\"xray:GetSamplingRules\",\"xray:GetSamplingTargets\"],\"Effect\":\"Allow\",\"Resource\":[\"*\"]}],\"Version\":\"2012-10-17\"}",
                            "policy_id": "ANPAYPEC3Q6VOSE7OOZGS",
                            "tags.%": "0",
                            "tags_all.%": "0"
                        },
                        "meta": {
                            "schema_version": 0
                        },
                        "tainted": false
                    },
                    "deposed": [],
                    "provider": "provider.aws"
                },
                "aws_iam_policy.tfer--XRayAccessPolicy-3b39a036-2309-4296-9711-43a4aed54c2a": {
                    "type": "aws_iam_policy",
                    "depends_on": [],
                    "primary": {
                        "id": "arn:aws:iam::582242502570:policy/service-role/XRayAccessPolicy-3b39a036-2309-4296-9711-43a4aed54c2a",
                        "attributes": {
                            "arn": "arn:aws:iam::582242502570:policy/service-role/XRayAccessPolicy-3b39a036-2309-4296-9711-43a4aed54c2a",
                            "description": "Allow AWS Step Functions to call X-Ray daemon on your behalf",
                            "id": "arn:aws:iam::582242502570:policy/service-role/XRayAccessPolicy-3b39a036-2309-4296-9711-43a4aed54c2a",
                            "name": "XRayAccessPolicy-3b39a036-2309-4296-9711-43a4aed54c2a",
                            "path": "/service-role/",
                            "policy": "{\"Statement\":[{\"Action\":[\"xray:PutTraceSegments\",\"xray:PutTelemetryRecords\",\"xray:GetSamplingRules\",\"xray:GetSamplingTargets\"],\"Effect\":\"Allow\",\"Resource\":[\"*\"]}],\"Version\":\"2012-10-17\"}",
                            "policy_id": "ANPAYPEC3Q6VCG6EGCLF7",
                            "tags.%": "0",
                            "tags_all.%": "0"
                        },
                        "meta": {
                            "schema_version": 0
                        },
                        "tainted": false
                    },
                    "deposed": [],
                    "provider": "provider.aws"
                },
                "aws_iam_policy.tfer--XRayAccessPolicy-72130e2d-0d95-4c6b-94d4-be1b8e6a40d3": {
                    "type": "aws_iam_policy",
                    "depends_on": [],
                    "primary": {
                        "id": "arn:aws:iam::582242502570:policy/service-role/XRayAccessPolicy-72130e2d-0d95-4c6b-94d4-be1b8e6a40d3",
                        "attributes": {
                            "arn": "arn:aws:iam::582242502570:policy/service-role/XRayAccessPolicy-72130e2d-0d95-4c6b-94d4-be1b8e6a40d3",
                            "description": "Allow AWS Step Functions to call X-Ray daemon on your behalf",
                            "id": "arn:aws:iam::582242502570:policy/service-role/XRayAccessPolicy-72130e2d-0d95-4c6b-94d4-be1b8e6a40d3",
                            "name": "XRayAccessPolicy-72130e2d-0d95-4c6b-94d4-be1b8e6a40d3",
                            "path": "/service-role/",
                            "policy": "{\"Statement\":[{\"Action\":[\"xray:PutTraceSegments\",\"xray:PutTelemetryRecords\",\"xray:GetSamplingRules\",\"xray:GetSamplingTargets\"],\"Effect\":\"Allow\",\"Resource\":[\"*\"]}],\"Version\":\"2012-10-17\"}",
                            "policy_id": "ANPAYPEC3Q6VMKPHPRHGS",
                            "tags.%": "0",
                            "tags_all.%": "0"
                        },
                        "meta": {
                            "schema_version": 0
                        },
                        "tainted": false
                    },
                    "deposed": [],
                    "provider": "provider.aws"
                },
                "aws_iam_policy.tfer--XRayAccessPolicy-e27b3f6a-0e35-4e18-9b91-649263a66e06": {
                    "type": "aws_iam_policy",
                    "depends_on": [],
                    "primary": {
                        "id": "arn:aws:iam::582242502570:policy/service-role/XRayAccessPolicy-e27b3f6a-0e35-4e18-9b91-649263a66e06",
                        "attributes": {
                            "arn": "arn:aws:iam::582242502570:policy/service-role/XRayAccessPolicy-e27b3f6a-0e35-4e18-9b91-649263a66e06",
                            "description": "Allow AWS Step Functions to call X-Ray daemon on your behalf",
                            "id": "arn:aws:iam::582242502570:policy/service-role/XRayAccessPolicy-e27b3f6a-0e35-4e18-9b91-649263a66e06",
                            "name": "XRayAccessPolicy-e27b3f6a-0e35-4e18-9b91-649263a66e06",
                            "path": "/service-role/",
                            "policy": "{\"Statement\":[{\"Action\":[\"xray:PutTraceSegments\",\"xray:PutTelemetryRecords\",\"xray:GetSamplingRules\",\"xray:GetSamplingTargets\"],\"Effect\":\"Allow\",\"Resource\":[\"*\"]}],\"Version\":\"2012-10-17\"}",
                            "policy_id": "ANPAYPEC3Q6VFVEBKUUXO",
                            "tags.%": "0",
                            "tags_all.%": "0"
                        },
                        "meta": {
                            "schema_version": 0
                        },
                        "tainted": false
                    },
                    "deposed": [],
                    "provider": "provider.aws"
                },
                "aws_iam_role.tfer--AWSServiceRoleForAPIGateway": {
                    "type": "aws_iam_role",
                    "depends_on": [],
                    "primary": {
                        "id": "AWSServiceRoleForAPIGateway",
                        "attributes": {
                            "arn": "arn:aws:iam::582242502570:role/aws-service-role/ops.apigateway.amazonaws.com/AWSServiceRoleForAPIGateway",
                            "assume_role_policy": "{\"Version\":\"2012-10-17\",\"Statement\":[{\"Effect\":\"Allow\",\"Principal\":{\"Service\":\"ops.apigateway.amazonaws.com\"},\"Action\":\"sts:AssumeRole\"}]}",
                            "create_date": "2023-04-15T12:58:18Z",
                            "description": "The Service Linked Role is used by Amazon API Gateway.",
                            "id": "AWSServiceRoleForAPIGateway",
                            "inline_policy.#": "1",
                            "inline_policy.0.name": "",
                            "inline_policy.0.policy": "",
                            "managed_policy_arns.#": "1",
                            "managed_policy_arns.0": "arn:aws:iam::aws:policy/aws-service-role/APIGatewayServiceRolePolicy",
                            "max_session_duration": "3600",
                            "name": "AWSServiceRoleForAPIGateway",
                            "name_prefix": "",
                            "path": "/aws-service-role/ops.apigateway.amazonaws.com/",
                            "tags.%": "0",
                            "tags_all.%": "0",
                            "unique_id": "AROAYPEC3Q6VFXMHTWZ6Y"
                        },
                        "meta": {
                            "schema_version": 0
                        },
                        "tainted": false
                    },
                    "deposed": [],
                    "provider": "provider.aws"
                },
                "aws_iam_role.tfer--AWSServiceRoleForApplicationAutoScaling_DynamoDBTable": {
                    "type": "aws_iam_role",
                    "depends_on": [],
                    "primary": {
                        "id": "AWSServiceRoleForApplicationAutoScaling_DynamoDBTable",
                        "attributes": {
                            "arn": "arn:aws:iam::582242502570:role/aws-service-role/dynamodb.application-autoscaling.amazonaws.com/AWSServiceRoleForApplicationAutoScaling_DynamoDBTable",
                            "assume_role_policy": "{\"Version\":\"2012-10-17\",\"Statement\":[{\"Effect\":\"Allow\",\"Principal\":{\"Service\":\"dynamodb.application-autoscaling.amazonaws.com\"},\"Action\":\"sts:AssumeRole\"}]}",
                            "create_date": "2023-04-16T14:54:44Z",
                            "description": "",
                            "id": "AWSServiceRoleForApplicationAutoScaling_DynamoDBTable",
                            "inline_policy.#": "1",
                            "inline_policy.0.name": "",
                            "inline_policy.0.policy": "",
                            "managed_policy_arns.#": "1",
                            "managed_policy_arns.0": "arn:aws:iam::aws:policy/aws-service-role/AWSApplicationAutoscalingDynamoDBTablePolicy",
                            "max_session_duration": "3600",
                            "name": "AWSServiceRoleForApplicationAutoScaling_DynamoDBTable",
                            "name_prefix": "",
                            "path": "/aws-service-role/dynamodb.application-autoscaling.amazonaws.com/",
                            "tags.%": "0",
                            "tags_all.%": "0",
                            "unique_id": "AROAYPEC3Q6VBOJRSLRBT"
                        },
                        "meta": {
                            "schema_version": 0
                        },
                        "tainted": false
                    },
                    "deposed": [],
                    "provider": "provider.aws"
                },
                "aws_iam_role.tfer--AWSServiceRoleForOrganizations": {
                    "type": "aws_iam_role",
                    "depends_on": [],
                    "primary": {
                        "id": "AWSServiceRoleForOrganizations",
                        "attributes": {
                            "arn": "arn:aws:iam::582242502570:role/aws-service-role/organizations.amazonaws.com/AWSServiceRoleForOrganizations",
                            "assume_role_policy": "{\"Version\":\"2012-10-17\",\"Statement\":[{\"Effect\":\"Allow\",\"Principal\":{\"Service\":\"organizations.amazonaws.com\"},\"Action\":\"sts:AssumeRole\"}]}",
                            "create_date": "2023-04-16T05:33:57Z",
                            "description": "Service-linked role used by AWS Organizations to enable integration of other AWS services with Organizations.",
                            "id": "AWSServiceRoleForOrganizations",
                            "inline_policy.#": "1",
                            "inline_policy.0.name": "",
                            "inline_policy.0.policy": "",
                            "managed_policy_arns.#": "1",
                            "managed_policy_arns.0": "arn:aws:iam::aws:policy/aws-service-role/AWSOrganizationsServiceTrustPolicy",
                            "max_session_duration": "3600",
                            "name": "AWSServiceRoleForOrganizations",
                            "name_prefix": "",
                            "path": "/aws-service-role/organizations.amazonaws.com/",
                            "tags.%": "0",
                            "tags_all.%": "0",
                            "unique_id": "AROAYPEC3Q6VFOHQVIJIE"
                        },
                        "meta": {
                            "schema_version": 0
                        },
                        "tainted": false
                    },
                    "deposed": [],
                    "provider": "provider.aws"
                },
                "aws_iam_role.tfer--AWSServiceRoleForSupport": {
                    "type": "aws_iam_role",
                    "depends_on": [],
                    "primary": {
                        "id": "AWSServiceRoleForSupport",
                        "attributes": {
                            "arn": "arn:aws:iam::582242502570:role/aws-service-role/support.amazonaws.com/AWSServiceRoleForSupport",
                            "assume_role_policy": "{\"Version\":\"2012-10-17\",\"Statement\":[{\"Effect\":\"Allow\",\"Principal\":{\"Service\":\"support.amazonaws.com\"},\"Action\":\"sts:AssumeRole\"}]}",
                            "create_date": "2021-08-23T18:17:36Z",
                            "description": "Enables resource access for AWS to provide billing, administrative and support services",
                            "id": "AWSServiceRoleForSupport",
                            "inline_policy.#": "1",
                            "inline_policy.0.name": "",
                            "inline_policy.0.policy": "",
                            "managed_policy_arns.#": "1",
                            "managed_policy_arns.0": "arn:aws:iam::aws:policy/aws-service-role/AWSSupportServiceRolePolicy",
                            "max_session_duration": "3600",
                            "name": "AWSServiceRoleForSupport",
                            "name_prefix": "",
                            "path": "/aws-service-role/support.amazonaws.com/",
                            "tags.%": "0",
                            "tags_all.%": "0",
                            "unique_id": "AROAYPEC3Q6VARSVLZQPJ"
                        },
                        "meta": {
                            "schema_version": 0
                        },
                        "tainted": false
                    },
                    "deposed": [],
                    "provider": "provider.aws"
                },
                "aws_iam_role.tfer--AWSServiceRoleForTrustedAdvisor": {
                    "type": "aws_iam_role",
                    "depends_on": [],
                    "primary": {
                        "id": "AWSServiceRoleForTrustedAdvisor",
                        "attributes": {
                            "arn": "arn:aws:iam::582242502570:role/aws-service-role/trustedadvisor.amazonaws.com/AWSServiceRoleForTrustedAdvisor",
                            "assume_role_policy": "{\"Version\":\"2012-10-17\",\"Statement\":[{\"Effect\":\"Allow\",\"Principal\":{\"Service\":\"trustedadvisor.amazonaws.com\"},\"Action\":\"sts:AssumeRole\"}]}",
                            "create_date": "2021-08-23T18:17:36Z",
                            "description": "Access for the AWS Trusted Advisor Service to help reduce cost, increase performance, and improve security of your AWS environment.",
                            "id": "AWSServiceRoleForTrustedAdvisor",
                            "inline_policy.#": "1",
                            "inline_policy.0.name": "",
                            "inline_policy.0.policy": "",
                            "managed_policy_arns.#": "1",
                            "managed_policy_arns.0": "arn:aws:iam::aws:policy/aws-service-role/AWSTrustedAdvisorServiceRolePolicy",
                            "max_session_duration": "3600",
                            "name": "AWSServiceRoleForTrustedAdvisor",
                            "name_prefix": "",
                            "path": "/aws-service-role/trustedadvisor.amazonaws.com/",
                            "tags.%": "0",
                            "tags_all.%": "0",
                            "unique_id": "AROAYPEC3Q6VN7H2FIQRT"
                        },
                        "meta": {
                            "schema_version": 0
                        },
                        "tainted": false
                    },
                    "deposed": [],
                    "provider": "provider.aws"
                },
                "aws_iam_role.tfer--Amazon_EventBridge_Invoke_Step_Functions_1380056641": {
                    "type": "aws_iam_role",
                    "depends_on": [],
                    "primary": {
                        "id": "Amazon_EventBridge_Invoke_Step_Functions_1380056641",
                        "attributes": {
                            "arn": "arn:aws:iam::582242502570:role/service-role/Amazon_EventBridge_Invoke_Step_Functions_1380056641",
                            "assume_role_policy": "{\"Version\":\"2012-10-17\",\"Statement\":[{\"Effect\":\"Allow\",\"Principal\":{\"Service\":\"events.amazonaws.com\"},\"Action\":\"sts:AssumeRole\"}]}",
                            "create_date": "2023-04-15T14:24:50Z",
                            "description": "",
                            "id": "Amazon_EventBridge_Invoke_Step_Functions_1380056641",
                            "inline_policy.#": "1",
                            "inline_policy.0.name": "",
                            "inline_policy.0.policy": "",
                            "managed_policy_arns.#": "1",
                            "managed_policy_arns.0": "arn:aws:iam::582242502570:policy/service-role/Amazon_EventBridge_Invoke_Step_Functions_1380056641",
                            "max_session_duration": "3600",
                            "name": "Amazon_EventBridge_Invoke_Step_Functions_1380056641",
                            "name_prefix": "",
                            "path": "/service-role/",
                            "tags.%": "0",
                            "tags_all.%": "0",
                            "unique_id": "AROAYPEC3Q6VJOIOJZR3X"
                        },
                        "meta": {
                            "schema_version": 0
                        },
                        "tainted": false
                    },
                    "deposed": [],
                    "provider": "provider.aws"
                },
                "aws_iam_role.tfer--StepFunctions-HelloWorld-role-13892438": {
                    "type": "aws_iam_role",
                    "depends_on": [],
                    "primary": {
                        "id": "StepFunctions-HelloWorld-role-13892438",
                        "attributes": {
                            "arn": "arn:aws:iam::582242502570:role/service-role/StepFunctions-HelloWorld-role-13892438",
                            "assume_role_policy": "{\"Version\":\"2012-10-17\",\"Statement\":[{\"Effect\":\"Allow\",\"Principal\":{\"Service\":\"states.amazonaws.com\"},\"Action\":\"sts:AssumeRole\"}]}",
                            "create_date": "2023-04-15T13:54:11Z",
                            "description": "",
                            "id": "StepFunctions-HelloWorld-role-13892438",
                            "inline_policy.#": "1",
                            "inline_policy.0.name": "",
                            "inline_policy.0.policy": "",
                            "managed_policy_arns.#": "1",
                            "managed_policy_arns.0": "arn:aws:iam::582242502570:policy/service-role/XRayAccessPolicy-3b39a036-2309-4296-9711-43a4aed54c2a",
                            "max_session_duration": "3600",
                            "name": "StepFunctions-HelloWorld-role-13892438",
                            "name_prefix": "",
                            "path": "/service-role/",
                            "tags.%": "0",
                            "tags_all.%": "0",
                            "unique_id": "AROAYPEC3Q6VAIY4RB4SM"
                        },
                        "meta": {
                            "schema_version": 0
                        },
                        "tainted": false
                    },
                    "deposed": [],
                    "provider": "provider.aws"
                },
                "aws_iam_role.tfer--StepFunctions-MyStateMachine-role-24657fce": {
                    "type": "aws_iam_role",
                    "depends_on": [],
                    "primary": {
                        "id": "StepFunctions-MyStateMachine-role-24657fce",
                        "attributes": {
                            "arn": "arn:aws:iam::582242502570:role/service-role/StepFunctions-MyStateMachine-role-24657fce",
                            "assume_role_policy": "{\"Version\":\"2012-10-17\",\"Statement\":[{\"Effect\":\"Allow\",\"Principal\":{\"Service\":\"states.amazonaws.com\"},\"Action\":\"sts:AssumeRole\"}]}",
                            "create_date": "2023-04-15T14:04:05Z",
                            "description": "",
                            "id": "StepFunctions-MyStateMachine-role-24657fce",
                            "inline_policy.#": "1",
                            "inline_policy.0.name": "",
                            "inline_policy.0.policy": "",
                            "managed_policy_arns.#": "5",
                            "managed_policy_arns.0": "arn:aws:iam::582242502570:policy/service-role/LambdaInvokeScopedAccessPolicy-1c8524e8-bc81-464c-9cf8-fa83eab61392",
                            "managed_policy_arns.1": "arn:aws:iam::582242502570:policy/service-role/LambdaInvokeScopedAccessPolicy-87ba114e-1cec-49bc-aeac-c0cf508ce8af",
                            "managed_policy_arns.2": "arn:aws:iam::582242502570:policy/service-role/XRayAccessPolicy-16a781f7-902a-4432-85b7-86b498c90854",
                            "managed_policy_arns.3": "arn:aws:iam::aws:policy/AWSLambdaExecute",
                            "managed_policy_arns.4": "arn:aws:iam::aws:policy/service-role/AWSLambdaRole",
                            "max_session_duration": "3600",
                            "name": "StepFunctions-MyStateMachine-role-24657fce",
                            "name_prefix": "",
                            "path": "/service-role/",
                            "tags.%": "0",
                            "tags_all.%": "0",
                            "unique_id": "AROAYPEC3Q6VLUPPMPTLQ"
                        },
                        "meta": {
                            "schema_version": 0
                        },
                        "tainted": false
                    },
                    "deposed": [],
                    "provider": "provider.aws"
                },
                "aws_iam_role.tfer--StepFunctions-UpdateAccountInDB-role-b2d942e9": {
                    "type": "aws_iam_role",
                    "depends_on": [],
                    "primary": {
                        "id": "StepFunctions-UpdateAccountInDB-role-b2d942e9",
                        "attributes": {
                            "arn": "arn:aws:iam::582242502570:role/service-role/StepFunctions-UpdateAccountInDB-role-b2d942e9",
                            "assume_role_policy": "{\"Version\":\"2012-10-17\",\"Statement\":[{\"Effect\":\"Allow\",\"Principal\":{\"Service\":\"states.amazonaws.com\"},\"Action\":\"sts:AssumeRole\"}]}",
                            "create_date": "2023-04-17T15:39:16Z",
                            "description": "",
                            "id": "StepFunctions-UpdateAccountInDB-role-b2d942e9",
                            "inline_policy.#": "1",
                            "inline_policy.0.name": "",
                            "inline_policy.0.policy": "",
                            "managed_policy_arns.#": "3",
                            "managed_policy_arns.0": "arn:aws:iam::582242502570:policy/service-role/LambdaInvokeScopedAccessPolicy-3a28ace4-70b7-49f7-8828-a47554c8bc09",
                            "managed_policy_arns.1": "arn:aws:iam::582242502570:policy/service-role/XRayAccessPolicy-72130e2d-0d95-4c6b-94d4-be1b8e6a40d3",
                            "managed_policy_arns.2": "arn:aws:iam::aws:policy/AWSLambda_FullAccess",
                            "max_session_duration": "3600",
                            "name": "StepFunctions-UpdateAccountInDB-role-b2d942e9",
                            "name_prefix": "",
                            "path": "/service-role/",
                            "tags.%": "0",
                            "tags_all.%": "0",
                            "unique_id": "AROAYPEC3Q6VNLRYS3OWE"
                        },
                        "meta": {
                            "schema_version": 0
                        },
                        "tainted": false
                    },
                    "deposed": [],
                    "provider": "provider.aws"
                },
                "aws_iam_role.tfer--lamba-update-account-amou-UpdateAccountAmountFunct-ADPUD24S3866": {
                    "type": "aws_iam_role",
                    "depends_on": [],
                    "primary": {
                        "id": "lamba-update-account-amou-UpdateAccountAmountFunct-ADPUD24S3866",
                        "attributes": {
                            "arn": "arn:aws:iam::582242502570:role/lamba-update-account-amou-UpdateAccountAmountFunct-ADPUD24S3866",
                            "assume_role_policy": "{\"Version\":\"2012-10-17\",\"Statement\":[{\"Effect\":\"Allow\",\"Principal\":{\"Service\":\"lambda.amazonaws.com\"},\"Action\":\"sts:AssumeRole\"}]}",
                            "create_date": "2023-04-17T18:44:57Z",
                            "description": "",
                            "id": "lamba-update-account-amou-UpdateAccountAmountFunct-ADPUD24S3866",
                            "inline_policy.#": "1",
                            "inline_policy.0.name": "",
                            "inline_policy.0.policy": "",
                            "managed_policy_arns.#": "1",
                            "managed_policy_arns.0": "arn:aws:iam::aws:policy/service-role/AWSLambdaBasicExecutionRole",
                            "max_session_duration": "3600",
                            "name": "lamba-update-account-amou-UpdateAccountAmountFunct-ADPUD24S3866",
                            "name_prefix": "",
                            "path": "/",
                            "tags.%": "1",
                            "tags.lambda:createdBy": "SAM",
                            "tags_all.%": "1",
                            "tags_all.lambda:createdBy": "SAM",
                            "unique_id": "AROAYPEC3Q6VDDHEELUZF"
                        },
                        "meta": {
                            "schema_version": 0
                        },
                        "tainted": false
                    },
                    "deposed": [],
                    "provider": "provider.aws"
                },
                "aws_iam_role.tfer--lambda-db-to-step-DBToStepFunctionRole-1BCLCZ64N3QUM": {
                    "type": "aws_iam_role",
                    "depends_on": [],
                    "primary": {
                        "id": "lambda-db-to-step-DBToStepFunctionRole-1BCLCZ64N3QUM",
                        "attributes": {
                            "arn": "arn:aws:iam::582242502570:role/lambda-db-to-step-DBToStepFunctionRole-1BCLCZ64N3QUM",
                            "assume_role_policy": "{\"Version\":\"2012-10-17\",\"Statement\":[{\"Effect\":\"Allow\",\"Principal\":{\"Service\":\"lambda.amazonaws.com\"},\"Action\":\"sts:AssumeRole\"}]}",
                            "create_date": "2023-04-17T15:37:05Z",
                            "description": "",
                            "id": "lambda-db-to-step-DBToStepFunctionRole-1BCLCZ64N3QUM",
                            "inline_policy.#": "1",
                            "inline_policy.0.name": "",
                            "inline_policy.0.policy": "",
                            "managed_policy_arns.#": "3",
                            "managed_policy_arns.0": "arn:aws:iam::aws:policy/AWSStepFunctionsFullAccess",
                            "managed_policy_arns.1": "arn:aws:iam::aws:policy/AmazonDynamoDBFullAccess",
                            "managed_policy_arns.2": "arn:aws:iam::aws:policy/service-role/AWSLambdaBasicExecutionRole",
                            "max_session_duration": "3600",
                            "name": "lambda-db-to-step-DBToStepFunctionRole-1BCLCZ64N3QUM",
                            "name_prefix": "",
                            "path": "/",
                            "tags.%": "1",
                            "tags.lambda:createdBy": "SAM",
                            "tags_all.%": "1",
                            "tags_all.lambda:createdBy": "SAM",
                            "unique_id": "AROAYPEC3Q6VPWFWNI2JW"
                        },
                        "meta": {
                            "schema_version": 0
                        },
                        "tainted": false
                    },
                    "deposed": [],
                    "provider": "provider.aws"
                },
                "aws_iam_role.tfer--lambda-read-file-ReadFileFunctionRole-EFXGQOBHB5RH": {
                    "type": "aws_iam_role",
                    "depends_on": [],
                    "primary": {
                        "id": "lambda-read-file-ReadFileFunctionRole-EFXGQOBHB5RH",
                        "attributes": {
                            "arn": "arn:aws:iam::582242502570:role/lambda-read-file-ReadFileFunctionRole-EFXGQOBHB5RH",
                            "assume_role_policy": "{\"Version\":\"2012-10-17\",\"Statement\":[{\"Effect\":\"Allow\",\"Principal\":{\"Service\":\"lambda.amazonaws.com\"},\"Action\":\"sts:AssumeRole\"}]}",
                            "create_date": "2023-04-15T15:40:09Z",
                            "description": "",
                            "id": "lambda-read-file-ReadFileFunctionRole-EFXGQOBHB5RH",
                            "inline_policy.#": "1",
                            "inline_policy.0.name": "",
                            "inline_policy.0.policy": "",
                            "managed_policy_arns.#": "3",
                            "managed_policy_arns.0": "arn:aws:iam::aws:policy/AmazonS3FullAccess",
                            "managed_policy_arns.1": "arn:aws:iam::aws:policy/AmazonS3OutpostsFullAccess",
                            "managed_policy_arns.2": "arn:aws:iam::aws:policy/service-role/AWSLambdaBasicExecutionRole",
                            "max_session_duration": "3600",
                            "name": "lambda-read-file-ReadFileFunctionRole-EFXGQOBHB5RH",
                            "name_prefix": "",
                            "path": "/",
                            "tags.%": "1",
                            "tags.lambda:createdBy": "SAM",
                            "tags_all.%": "1",
                            "tags_all.lambda:createdBy": "SAM",
                            "unique_id": "AROAYPEC3Q6VAP2SLKZB3"
                        },
                        "meta": {
                            "schema_version": 0
                        },
                        "tainted": false
                    },
                    "deposed": [],
                    "provider": "provider.aws"
                },
                "aws_iam_role.tfer--lambda-read-form-db-2-ReadFromDBFunctionRole-1XS7OJVO64UC7": {
                    "type": "aws_iam_role",
                    "depends_on": [],
                    "primary": {
                        "id": "lambda-read-form-db-2-ReadFromDBFunctionRole-1XS7OJVO64UC7",
                        "attributes": {
                            "arn": "arn:aws:iam::582242502570:role/lambda-read-form-db-2-ReadFromDBFunctionRole-1XS7OJVO64UC7",
                            "assume_role_policy": "{\"Version\":\"2012-10-17\",\"Statement\":[{\"Effect\":\"Allow\",\"Principal\":{\"Service\":\"lambda.amazonaws.com\"},\"Action\":\"sts:AssumeRole\"}]}",
                            "create_date": "2023-04-17T14:37:59Z",
                            "description": "",
                            "id": "lambda-read-form-db-2-ReadFromDBFunctionRole-1XS7OJVO64UC7",
                            "inline_policy.#": "1",
                            "inline_policy.0.name": "",
                            "inline_policy.0.policy": "",
                            "managed_policy_arns.#": "2",
                            "managed_policy_arns.0": "arn:aws:iam::aws:policy/AmazonDynamoDBFullAccess",
                            "managed_policy_arns.1": "arn:aws:iam::aws:policy/service-role/AWSLambdaBasicExecutionRole",
                            "max_session_duration": "3600",
                            "name": "lambda-read-form-db-2-ReadFromDBFunctionRole-1XS7OJVO64UC7",
                            "name_prefix": "",
                            "path": "/",
                            "tags.%": "1",
                            "tags.lambda:createdBy": "SAM",
                            "tags_all.%": "1",
                            "tags_all.lambda:createdBy": "SAM",
                            "unique_id": "AROAYPEC3Q6VHHNWJJSCE"
                        },
                        "meta": {
                            "schema_version": 0
                        },
                        "tainted": false
                    },
                    "deposed": [],
                    "provider": "provider.aws"
                },
                "aws_iam_role.tfer--lambda-store-to-db-StoreToDBFunctionRole-1Q27HWRJ6H37R": {
                    "type": "aws_iam_role",
                    "depends_on": [],
                    "primary": {
                        "id": "lambda-store-to-db-StoreToDBFunctionRole-1Q27HWRJ6H37R",
                        "attributes": {
                            "arn": "arn:aws:iam::582242502570:role/lambda-store-to-db-StoreToDBFunctionRole-1Q27HWRJ6H37R",
                            "assume_role_policy": "{\"Version\":\"2012-10-17\",\"Statement\":[{\"Effect\":\"Allow\",\"Principal\":{\"Service\":\"lambda.amazonaws.com\"},\"Action\":\"sts:AssumeRole\"}]}",
                            "create_date": "2023-04-16T16:26:25Z",
                            "description": "",
                            "id": "lambda-store-to-db-StoreToDBFunctionRole-1Q27HWRJ6H37R",
                            "inline_policy.#": "1",
                            "inline_policy.0.name": "",
                            "inline_policy.0.policy": "",
                            "managed_policy_arns.#": "2",
                            "managed_policy_arns.0": "arn:aws:iam::aws:policy/AmazonDynamoDBFullAccess",
                            "managed_policy_arns.1": "arn:aws:iam::aws:policy/service-role/AWSLambdaBasicExecutionRole",
                            "max_session_duration": "3600",
                            "name": "lambda-store-to-db-StoreToDBFunctionRole-1Q27HWRJ6H37R",
                            "name_prefix": "",
                            "path": "/",
                            "tags.%": "1",
                            "tags.lambda:createdBy": "SAM",
                            "tags_all.%": "1",
                            "tags_all.lambda:createdBy": "SAM",
                            "unique_id": "AROAYPEC3Q6VERMFOBUVL"
                        },
                        "meta": {
                            "schema_version": 0
                        },
                        "tainted": false
                    },
                    "deposed": [],
                    "provider": "provider.aws"
                },
                "aws_iam_role.tfer--lambda_role": {
                    "type": "aws_iam_role",
                    "depends_on": [],
                    "primary": {
                        "id": "lambda_role",
                        "attributes": {
                            "arn": "arn:aws:iam::582242502570:role/lambda_role",
                            "assume_role_policy": "{\"Version\":\"2012-10-17\",\"Statement\":[{\"Effect\":\"Allow\",\"Principal\":{\"Service\":\"lambda.amazonaws.com\"},\"Action\":\"sts:AssumeRole\"}]}",
                            "create_date": "2023-04-16T12:08:37Z",
                            "description": "",
                            "id": "lambda_role",
                            "inline_policy.#": "1",
                            "inline_policy.0.name": "",
                            "inline_policy.0.policy": "",
                            "managed_policy_arns.#": "0",
                            "max_session_duration": "3600",
                            "name": "lambda_role",
                            "name_prefix": "",
                            "path": "/",
                            "tags.%": "0",
                            "tags_all.%": "0",
                            "unique_id": "AROAYPEC3Q6VEEAKV5T2O"
                        },
                        "meta": {
                            "schema_version": 0
                        },
                        "tainted": false
                    },
                    "deposed": [],
                    "provider": "provider.aws"
                },
                "aws_iam_role.tfer--readfile-ReadFileFunctionRole-174X0W1E7BSON": {
                    "type": "aws_iam_role",
                    "depends_on": [],
                    "primary": {
                        "id": "readfile-ReadFileFunctionRole-174X0W1E7BSON",
                        "attributes": {
                            "arn": "arn:aws:iam::582242502570:role/readfile-ReadFileFunctionRole-174X0W1E7BSON",
                            "assume_role_policy": "{\"Version\":\"2012-10-17\",\"Statement\":[{\"Effect\":\"Allow\",\"Principal\":{\"Service\":\"lambda.amazonaws.com\"},\"Action\":\"sts:AssumeRole\"}]}",
                            "create_date": "2023-04-15T12:57:50Z",
                            "description": "",
                            "id": "readfile-ReadFileFunctionRole-174X0W1E7BSON",
                            "inline_policy.#": "1",
                            "inline_policy.0.name": "",
                            "inline_policy.0.policy": "",
                            "managed_policy_arns.#": "3",
                            "managed_policy_arns.0": "arn:aws:iam::aws:policy/AmazonS3FullAccess",
                            "managed_policy_arns.1": "arn:aws:iam::aws:policy/AmazonS3OutpostsFullAccess",
                            "managed_policy_arns.2": "arn:aws:iam::aws:policy/service-role/AWSLambdaBasicExecutionRole",
                            "max_session_duration": "3600",
                            "name": "readfile-ReadFileFunctionRole-174X0W1E7BSON",
                            "name_prefix": "",
                            "path": "/",
                            "tags.%": "1",
                            "tags.lambda:createdBy": "SAM",
                            "tags_all.%": "1",
                            "tags_all.lambda:createdBy": "SAM",
                            "unique_id": "AROAYPEC3Q6VOPOQB34VX"
                        },
                        "meta": {
                            "schema_version": 0
                        },
                        "tainted": false
                    },
                    "deposed": [],
                    "provider": "provider.aws"
                },
                "aws_iam_role_policy_attachment.tfer--AWSServiceRoleForAPIGateway_APIGatewayServiceRolePolicy": {
                    "type": "aws_iam_role_policy_attachment",
                    "depends_on": [],
                    "primary": {
                        "id": "AWSServiceRoleForAPIGateway/arn:aws:iam::aws:policy/aws-service-role/APIGatewayServiceRolePolicy",
                        "attributes": {
                            "id": "AWSServiceRoleForAPIGateway/arn:aws:iam::aws:policy/aws-service-role/APIGatewayServiceRolePolicy",
                            "policy_arn": "arn:aws:iam::aws:policy/aws-service-role/APIGatewayServiceRolePolicy",
                            "role": "AWSServiceRoleForAPIGateway"
                        },
                        "meta": {
                            "schema_version": 0
                        },
                        "tainted": false
                    },
                    "deposed": [],
                    "provider": "provider.aws"
                },
                "aws_iam_role_policy_attachment.tfer--AWSServiceRoleForApplicationAutoScaling_DynamoDBTable_AWSApplicationAutoscalingDynamoDBTablePolicy": {
                    "type": "aws_iam_role_policy_attachment",
                    "depends_on": [],
                    "primary": {
                        "id": "AWSServiceRoleForApplicationAutoScaling_DynamoDBTable/arn:aws:iam::aws:policy/aws-service-role/AWSApplicationAutoscalingDynamoDBTablePolicy",
                        "attributes": {
                            "id": "AWSServiceRoleForApplicationAutoScaling_DynamoDBTable/arn:aws:iam::aws:policy/aws-service-role/AWSApplicationAutoscalingDynamoDBTablePolicy",
                            "policy_arn": "arn:aws:iam::aws:policy/aws-service-role/AWSApplicationAutoscalingDynamoDBTablePolicy",
                            "role": "AWSServiceRoleForApplicationAutoScaling_DynamoDBTable"
                        },
                        "meta": {
                            "schema_version": 0
                        },
                        "tainted": false
                    },
                    "deposed": [],
                    "provider": "provider.aws"
                },
                "aws_iam_role_policy_attachment.tfer--AWSServiceRoleForOrganizations_AWSOrganizationsServiceTrustPolicy": {
                    "type": "aws_iam_role_policy_attachment",
                    "depends_on": [],
                    "primary": {
                        "id": "AWSServiceRoleForOrganizations/arn:aws:iam::aws:policy/aws-service-role/AWSOrganizationsServiceTrustPolicy",
                        "attributes": {
                            "id": "AWSServiceRoleForOrganizations/arn:aws:iam::aws:policy/aws-service-role/AWSOrganizationsServiceTrustPolicy",
                            "policy_arn": "arn:aws:iam::aws:policy/aws-service-role/AWSOrganizationsServiceTrustPolicy",
                            "role": "AWSServiceRoleForOrganizations"
                        },
                        "meta": {
                            "schema_version": 0
                        },
                        "tainted": false
                    },
                    "deposed": [],
                    "provider": "provider.aws"
                },
                "aws_iam_role_policy_attachment.tfer--AWSServiceRoleForSupport_AWSSupportServiceRolePolicy": {
                    "type": "aws_iam_role_policy_attachment",
                    "depends_on": [],
                    "primary": {
                        "id": "AWSServiceRoleForSupport/arn:aws:iam::aws:policy/aws-service-role/AWSSupportServiceRolePolicy",
                        "attributes": {
                            "id": "AWSServiceRoleForSupport/arn:aws:iam::aws:policy/aws-service-role/AWSSupportServiceRolePolicy",
                            "policy_arn": "arn:aws:iam::aws:policy/aws-service-role/AWSSupportServiceRolePolicy",
                            "role": "AWSServiceRoleForSupport"
                        },
                        "meta": {
                            "schema_version": 0
                        },
                        "tainted": false
                    },
                    "deposed": [],
                    "provider": "provider.aws"
                },
                "aws_iam_role_policy_attachment.tfer--AWSServiceRoleForTrustedAdvisor_AWSTrustedAdvisorServiceRolePolicy": {
                    "type": "aws_iam_role_policy_attachment",
                    "depends_on": [],
                    "primary": {
                        "id": "AWSServiceRoleForTrustedAdvisor/arn:aws:iam::aws:policy/aws-service-role/AWSTrustedAdvisorServiceRolePolicy",
                        "attributes": {
                            "id": "AWSServiceRoleForTrustedAdvisor/arn:aws:iam::aws:policy/aws-service-role/AWSTrustedAdvisorServiceRolePolicy",
                            "policy_arn": "arn:aws:iam::aws:policy/aws-service-role/AWSTrustedAdvisorServiceRolePolicy",
                            "role": "AWSServiceRoleForTrustedAdvisor"
                        },
                        "meta": {
                            "schema_version": 0
                        },
                        "tainted": false
                    },
                    "deposed": [],
                    "provider": "provider.aws"
                },
                "aws_iam_role_policy_attachment.tfer--Amazon_EventBridge_Invoke_Step_Functions_1380056641_Amazon_EventBridge_Invoke_Step_Functions_1380056641": {
                    "type": "aws_iam_role_policy_attachment",
                    "depends_on": [],
                    "primary": {
                        "id": "Amazon_EventBridge_Invoke_Step_Functions_1380056641/arn:aws:iam::582242502570:policy/service-role/Amazon_EventBridge_Invoke_Step_Functions_1380056641",
                        "attributes": {
                            "id": "Amazon_EventBridge_Invoke_Step_Functions_1380056641/arn:aws:iam::582242502570:policy/service-role/Amazon_EventBridge_Invoke_Step_Functions_1380056641",
                            "policy_arn": "arn:aws:iam::582242502570:policy/service-role/Amazon_EventBridge_Invoke_Step_Functions_1380056641",
                            "role": "Amazon_EventBridge_Invoke_Step_Functions_1380056641"
                        },
                        "meta": {
                            "schema_version": 0
                        },
                        "tainted": false
                    },
                    "deposed": [],
                    "provider": "provider.aws"
                },
                "aws_iam_role_policy_attachment.tfer--StepFunctions-HelloWorld-role-13892438_XRayAccessPolicy-3b39a036-2309-4296-9711-43a4aed54c2a": {
                    "type": "aws_iam_role_policy_attachment",
                    "depends_on": [],
                    "primary": {
                        "id": "StepFunctions-HelloWorld-role-13892438/arn:aws:iam::582242502570:policy/service-role/XRayAccessPolicy-3b39a036-2309-4296-9711-43a4aed54c2a",
                        "attributes": {
                            "id": "StepFunctions-HelloWorld-role-13892438/arn:aws:iam::582242502570:policy/service-role/XRayAccessPolicy-3b39a036-2309-4296-9711-43a4aed54c2a",
                            "policy_arn": "arn:aws:iam::582242502570:policy/service-role/XRayAccessPolicy-3b39a036-2309-4296-9711-43a4aed54c2a",
                            "role": "StepFunctions-HelloWorld-role-13892438"
                        },
                        "meta": {
                            "schema_version": 0
                        },
                        "tainted": false
                    },
                    "deposed": [],
                    "provider": "provider.aws"
                },
                "aws_iam_role_policy_attachment.tfer--StepFunctions-MyStateMachine-role-24657fce_AWSLambdaExecute": {
                    "type": "aws_iam_role_policy_attachment",
                    "depends_on": [],
                    "primary": {
                        "id": "StepFunctions-MyStateMachine-role-24657fce/arn:aws:iam::aws:policy/AWSLambdaExecute",
                        "attributes": {
                            "id": "StepFunctions-MyStateMachine-role-24657fce/arn:aws:iam::aws:policy/AWSLambdaExecute",
                            "policy_arn": "arn:aws:iam::aws:policy/AWSLambdaExecute",
                            "role": "StepFunctions-MyStateMachine-role-24657fce"
                        },
                        "meta": {
                            "schema_version": 0
                        },
                        "tainted": false
                    },
                    "deposed": [],
                    "provider": "provider.aws"
                },
                "aws_iam_role_policy_attachment.tfer--StepFunctions-MyStateMachine-role-24657fce_AWSLambdaRole": {
                    "type": "aws_iam_role_policy_attachment",
                    "depends_on": [],
                    "primary": {
                        "id": "StepFunctions-MyStateMachine-role-24657fce/arn:aws:iam::aws:policy/service-role/AWSLambdaRole",
                        "attributes": {
                            "id": "StepFunctions-MyStateMachine-role-24657fce/arn:aws:iam::aws:policy/service-role/AWSLambdaRole",
                            "policy_arn": "arn:aws:iam::aws:policy/service-role/AWSLambdaRole",
                            "role": "StepFunctions-MyStateMachine-role-24657fce"
                        },
                        "meta": {
                            "schema_version": 0
                        },
                        "tainted": false
                    },
                    "deposed": [],
                    "provider": "provider.aws"
                },
                "aws_iam_role_policy_attachment.tfer--StepFunctions-MyStateMachine-role-24657fce_LambdaInvokeScopedAccessPolicy-1c8524e8-bc81-464c-9cf8-fa83eab61392": {
                    "type": "aws_iam_role_policy_attachment",
                    "depends_on": [],
                    "primary": {
                        "id": "StepFunctions-MyStateMachine-role-24657fce/arn:aws:iam::582242502570:policy/service-role/LambdaInvokeScopedAccessPolicy-1c8524e8-bc81-464c-9cf8-fa83eab61392",
                        "attributes": {
                            "id": "StepFunctions-MyStateMachine-role-24657fce/arn:aws:iam::582242502570:policy/service-role/LambdaInvokeScopedAccessPolicy-1c8524e8-bc81-464c-9cf8-fa83eab61392",
                            "policy_arn": "arn:aws:iam::582242502570:policy/service-role/LambdaInvokeScopedAccessPolicy-1c8524e8-bc81-464c-9cf8-fa83eab61392",
                            "role": "StepFunctions-MyStateMachine-role-24657fce"
                        },
                        "meta": {
                            "schema_version": 0
                        },
                        "tainted": false
                    },
                    "deposed": [],
                    "provider": "provider.aws"
                },
                "aws_iam_role_policy_attachment.tfer--StepFunctions-MyStateMachine-role-24657fce_LambdaInvokeScopedAccessPolicy-87ba114e-1cec-49bc-aeac-c0cf508ce8af": {
                    "type": "aws_iam_role_policy_attachment",
                    "depends_on": [],
                    "primary": {
                        "id": "StepFunctions-MyStateMachine-role-24657fce/arn:aws:iam::582242502570:policy/service-role/LambdaInvokeScopedAccessPolicy-87ba114e-1cec-49bc-aeac-c0cf508ce8af",
                        "attributes": {
                            "id": "StepFunctions-MyStateMachine-role-24657fce/arn:aws:iam::582242502570:policy/service-role/LambdaInvokeScopedAccessPolicy-87ba114e-1cec-49bc-aeac-c0cf508ce8af",
                            "policy_arn": "arn:aws:iam::582242502570:policy/service-role/LambdaInvokeScopedAccessPolicy-87ba114e-1cec-49bc-aeac-c0cf508ce8af",
                            "role": "StepFunctions-MyStateMachine-role-24657fce"
                        },
                        "meta": {
                            "schema_version": 0
                        },
                        "tainted": false
                    },
                    "deposed": [],
                    "provider": "provider.aws"
                },
                "aws_iam_role_policy_attachment.tfer--StepFunctions-MyStateMachine-role-24657fce_XRayAccessPolicy-16a781f7-902a-4432-85b7-86b498c90854": {
                    "type": "aws_iam_role_policy_attachment",
                    "depends_on": [],
                    "primary": {
                        "id": "StepFunctions-MyStateMachine-role-24657fce/arn:aws:iam::582242502570:policy/service-role/XRayAccessPolicy-16a781f7-902a-4432-85b7-86b498c90854",
                        "attributes": {
                            "id": "StepFunctions-MyStateMachine-role-24657fce/arn:aws:iam::582242502570:policy/service-role/XRayAccessPolicy-16a781f7-902a-4432-85b7-86b498c90854",
                            "policy_arn": "arn:aws:iam::582242502570:policy/service-role/XRayAccessPolicy-16a781f7-902a-4432-85b7-86b498c90854",
                            "role": "StepFunctions-MyStateMachine-role-24657fce"
                        },
                        "meta": {
                            "schema_version": 0
                        },
                        "tainted": false
                    },
                    "deposed": [],
                    "provider": "provider.aws"
                },
                "aws_iam_role_policy_attachment.tfer--StepFunctions-UpdateAccountInDB-role-b2d942e9_AWSLambda_FullAccess": {
                    "type": "aws_iam_role_policy_attachment",
                    "depends_on": [],
                    "primary": {
                        "id": "StepFunctions-UpdateAccountInDB-role-b2d942e9/arn:aws:iam::aws:policy/AWSLambda_FullAccess",
                        "attributes": {
                            "id": "StepFunctions-UpdateAccountInDB-role-b2d942e9/arn:aws:iam::aws:policy/AWSLambda_FullAccess",
                            "policy_arn": "arn:aws:iam::aws:policy/AWSLambda_FullAccess",
                            "role": "StepFunctions-UpdateAccountInDB-role-b2d942e9"
                        },
                        "meta": {
                            "schema_version": 0
                        },
                        "tainted": false
                    },
                    "deposed": [],
                    "provider": "provider.aws"
                },
                "aws_iam_role_policy_attachment.tfer--StepFunctions-UpdateAccountInDB-role-b2d942e9_LambdaInvokeScopedAccessPolicy-3a28ace4-70b7-49f7-8828-a47554c8bc09": {
                    "type": "aws_iam_role_policy_attachment",
                    "depends_on": [],
                    "primary": {
                        "id": "StepFunctions-UpdateAccountInDB-role-b2d942e9/arn:aws:iam::582242502570:policy/service-role/LambdaInvokeScopedAccessPolicy-3a28ace4-70b7-49f7-8828-a47554c8bc09",
                        "attributes": {
                            "id": "StepFunctions-UpdateAccountInDB-role-b2d942e9/arn:aws:iam::582242502570:policy/service-role/LambdaInvokeScopedAccessPolicy-3a28ace4-70b7-49f7-8828-a47554c8bc09",
                            "policy_arn": "arn:aws:iam::582242502570:policy/service-role/LambdaInvokeScopedAccessPolicy-3a28ace4-70b7-49f7-8828-a47554c8bc09",
                            "role": "StepFunctions-UpdateAccountInDB-role-b2d942e9"
                        },
                        "meta": {
                            "schema_version": 0
                        },
                        "tainted": false
                    },
                    "deposed": [],
                    "provider": "provider.aws"
                },
                "aws_iam_role_policy_attachment.tfer--StepFunctions-UpdateAccountInDB-role-b2d942e9_XRayAccessPolicy-72130e2d-0d95-4c6b-94d4-be1b8e6a40d3": {
                    "type": "aws_iam_role_policy_attachment",
                    "depends_on": [],
                    "primary": {
                        "id": "StepFunctions-UpdateAccountInDB-role-b2d942e9/arn:aws:iam::582242502570:policy/service-role/XRayAccessPolicy-72130e2d-0d95-4c6b-94d4-be1b8e6a40d3",
                        "attributes": {
                            "id": "StepFunctions-UpdateAccountInDB-role-b2d942e9/arn:aws:iam::582242502570:policy/service-role/XRayAccessPolicy-72130e2d-0d95-4c6b-94d4-be1b8e6a40d3",
                            "policy_arn": "arn:aws:iam::582242502570:policy/service-role/XRayAccessPolicy-72130e2d-0d95-4c6b-94d4-be1b8e6a40d3",
                            "role": "StepFunctions-UpdateAccountInDB-role-b2d942e9"
                        },
                        "meta": {
                            "schema_version": 0
                        },
                        "tainted": false
                    },
                    "deposed": [],
                    "provider": "provider.aws"
                },
                "aws_iam_role_policy_attachment.tfer--lamba-update-account-amou-UpdateAccountAmountFunct-ADPUD24S3866_AWSLambdaBasicExecutionRole": {
                    "type": "aws_iam_role_policy_attachment",
                    "depends_on": [],
                    "primary": {
                        "id": "lamba-update-account-amou-UpdateAccountAmountFunct-ADPUD24S3866/arn:aws:iam::aws:policy/service-role/AWSLambdaBasicExecutionRole",
                        "attributes": {
                            "id": "lamba-update-account-amou-UpdateAccountAmountFunct-ADPUD24S3866/arn:aws:iam::aws:policy/service-role/AWSLambdaBasicExecutionRole",
                            "policy_arn": "arn:aws:iam::aws:policy/service-role/AWSLambdaBasicExecutionRole",
                            "role": "lamba-update-account-amou-UpdateAccountAmountFunct-ADPUD24S3866"
                        },
                        "meta": {
                            "schema_version": 0
                        },
                        "tainted": false
                    },
                    "deposed": [],
                    "provider": "provider.aws"
                },
                "aws_iam_role_policy_attachment.tfer--lambda-db-to-step-DBToStepFunctionRole-1BCLCZ64N3QUM_AWSLambdaBasicExecutionRole": {
                    "type": "aws_iam_role_policy_attachment",
                    "depends_on": [],
                    "primary": {
                        "id": "lambda-db-to-step-DBToStepFunctionRole-1BCLCZ64N3QUM/arn:aws:iam::aws:policy/service-role/AWSLambdaBasicExecutionRole",
                        "attributes": {
                            "id": "lambda-db-to-step-DBToStepFunctionRole-1BCLCZ64N3QUM/arn:aws:iam::aws:policy/service-role/AWSLambdaBasicExecutionRole",
                            "policy_arn": "arn:aws:iam::aws:policy/service-role/AWSLambdaBasicExecutionRole",
                            "role": "lambda-db-to-step-DBToStepFunctionRole-1BCLCZ64N3QUM"
                        },
                        "meta": {
                            "schema_version": 0
                        },
                        "tainted": false
                    },
                    "deposed": [],
                    "provider": "provider.aws"
                },
                "aws_iam_role_policy_attachment.tfer--lambda-db-to-step-DBToStepFunctionRole-1BCLCZ64N3QUM_AWSStepFunctionsFullAccess": {
                    "type": "aws_iam_role_policy_attachment",
                    "depends_on": [],
                    "primary": {
                        "id": "lambda-db-to-step-DBToStepFunctionRole-1BCLCZ64N3QUM/arn:aws:iam::aws:policy/AWSStepFunctionsFullAccess",
                        "attributes": {
                            "id": "lambda-db-to-step-DBToStepFunctionRole-1BCLCZ64N3QUM/arn:aws:iam::aws:policy/AWSStepFunctionsFullAccess",
                            "policy_arn": "arn:aws:iam::aws:policy/AWSStepFunctionsFullAccess",
                            "role": "lambda-db-to-step-DBToStepFunctionRole-1BCLCZ64N3QUM"
                        },
                        "meta": {
                            "schema_version": 0
                        },
                        "tainted": false
                    },
                    "deposed": [],
                    "provider": "provider.aws"
                },
                "aws_iam_role_policy_attachment.tfer--lambda-db-to-step-DBToStepFunctionRole-1BCLCZ64N3QUM_AmazonDynamoDBFullAccess": {
                    "type": "aws_iam_role_policy_attachment",
                    "depends_on": [],
                    "primary": {
                        "id": "lambda-db-to-step-DBToStepFunctionRole-1BCLCZ64N3QUM/arn:aws:iam::aws:policy/AmazonDynamoDBFullAccess",
                        "attributes": {
                            "id": "lambda-db-to-step-DBToStepFunctionRole-1BCLCZ64N3QUM/arn:aws:iam::aws:policy/AmazonDynamoDBFullAccess",
                            "policy_arn": "arn:aws:iam::aws:policy/AmazonDynamoDBFullAccess",
                            "role": "lambda-db-to-step-DBToStepFunctionRole-1BCLCZ64N3QUM"
                        },
                        "meta": {
                            "schema_version": 0
                        },
                        "tainted": false
                    },
                    "deposed": [],
                    "provider": "provider.aws"
                },
                "aws_iam_role_policy_attachment.tfer--lambda-read-file-ReadFileFunctionRole-EFXGQOBHB5RH_AWSLambdaBasicExecutionRole": {
                    "type": "aws_iam_role_policy_attachment",
                    "depends_on": [],
                    "primary": {
                        "id": "lambda-read-file-ReadFileFunctionRole-EFXGQOBHB5RH/arn:aws:iam::aws:policy/service-role/AWSLambdaBasicExecutionRole",
                        "attributes": {
                            "id": "lambda-read-file-ReadFileFunctionRole-EFXGQOBHB5RH/arn:aws:iam::aws:policy/service-role/AWSLambdaBasicExecutionRole",
                            "policy_arn": "arn:aws:iam::aws:policy/service-role/AWSLambdaBasicExecutionRole",
                            "role": "lambda-read-file-ReadFileFunctionRole-EFXGQOBHB5RH"
                        },
                        "meta": {
                            "schema_version": 0
                        },
                        "tainted": false
                    },
                    "deposed": [],
                    "provider": "provider.aws"
                },
                "aws_iam_role_policy_attachment.tfer--lambda-read-file-ReadFileFunctionRole-EFXGQOBHB5RH_AmazonS3FullAccess": {
                    "type": "aws_iam_role_policy_attachment",
                    "depends_on": [],
                    "primary": {
                        "id": "lambda-read-file-ReadFileFunctionRole-EFXGQOBHB5RH/arn:aws:iam::aws:policy/AmazonS3FullAccess",
                        "attributes": {
                            "id": "lambda-read-file-ReadFileFunctionRole-EFXGQOBHB5RH/arn:aws:iam::aws:policy/AmazonS3FullAccess",
                            "policy_arn": "arn:aws:iam::aws:policy/AmazonS3FullAccess",
                            "role": "lambda-read-file-ReadFileFunctionRole-EFXGQOBHB5RH"
                        },
                        "meta": {
                            "schema_version": 0
                        },
                        "tainted": false
                    },
                    "deposed": [],
                    "provider": "provider.aws"
                },
                "aws_iam_role_policy_attachment.tfer--lambda-read-file-ReadFileFunctionRole-EFXGQOBHB5RH_AmazonS3OutpostsFullAccess": {
                    "type": "aws_iam_role_policy_attachment",
                    "depends_on": [],
                    "primary": {
                        "id": "lambda-read-file-ReadFileFunctionRole-EFXGQOBHB5RH/arn:aws:iam::aws:policy/AmazonS3OutpostsFullAccess",
                        "attributes": {
                            "id": "lambda-read-file-ReadFileFunctionRole-EFXGQOBHB5RH/arn:aws:iam::aws:policy/AmazonS3OutpostsFullAccess",
                            "policy_arn": "arn:aws:iam::aws:policy/AmazonS3OutpostsFullAccess",
                            "role": "lambda-read-file-ReadFileFunctionRole-EFXGQOBHB5RH"
                        },
                        "meta": {
                            "schema_version": 0
                        },
                        "tainted": false
                    },
                    "deposed": [],
                    "provider": "provider.aws"
                },
                "aws_iam_role_policy_attachment.tfer--lambda-read-form-db-2-ReadFromDBFunctionRole-1XS7OJVO64UC7_AWSLambdaBasicExecutionRole": {
                    "type": "aws_iam_role_policy_attachment",
                    "depends_on": [],
                    "primary": {
                        "id": "lambda-read-form-db-2-ReadFromDBFunctionRole-1XS7OJVO64UC7/arn:aws:iam::aws:policy/service-role/AWSLambdaBasicExecutionRole",
                        "attributes": {
                            "id": "lambda-read-form-db-2-ReadFromDBFunctionRole-1XS7OJVO64UC7/arn:aws:iam::aws:policy/service-role/AWSLambdaBasicExecutionRole",
                            "policy_arn": "arn:aws:iam::aws:policy/service-role/AWSLambdaBasicExecutionRole",
                            "role": "lambda-read-form-db-2-ReadFromDBFunctionRole-1XS7OJVO64UC7"
                        },
                        "meta": {
                            "schema_version": 0
                        },
                        "tainted": false
                    },
                    "deposed": [],
                    "provider": "provider.aws"
                },
                "aws_iam_role_policy_attachment.tfer--lambda-read-form-db-2-ReadFromDBFunctionRole-1XS7OJVO64UC7_AmazonDynamoDBFullAccess": {
                    "type": "aws_iam_role_policy_attachment",
                    "depends_on": [],
                    "primary": {
                        "id": "lambda-read-form-db-2-ReadFromDBFunctionRole-1XS7OJVO64UC7/arn:aws:iam::aws:policy/AmazonDynamoDBFullAccess",
                        "attributes": {
                            "id": "lambda-read-form-db-2-ReadFromDBFunctionRole-1XS7OJVO64UC7/arn:aws:iam::aws:policy/AmazonDynamoDBFullAccess",
                            "policy_arn": "arn:aws:iam::aws:policy/AmazonDynamoDBFullAccess",
                            "role": "lambda-read-form-db-2-ReadFromDBFunctionRole-1XS7OJVO64UC7"
                        },
                        "meta": {
                            "schema_version": 0
                        },
                        "tainted": false
                    },
                    "deposed": [],
                    "provider": "provider.aws"
                },
                "aws_iam_role_policy_attachment.tfer--lambda-store-to-db-StoreToDBFunctionRole-1Q27HWRJ6H37R_AWSLambdaBasicExecutionRole": {
                    "type": "aws_iam_role_policy_attachment",
                    "depends_on": [],
                    "primary": {
                        "id": "lambda-store-to-db-StoreToDBFunctionRole-1Q27HWRJ6H37R/arn:aws:iam::aws:policy/service-role/AWSLambdaBasicExecutionRole",
                        "attributes": {
                            "id": "lambda-store-to-db-StoreToDBFunctionRole-1Q27HWRJ6H37R/arn:aws:iam::aws:policy/service-role/AWSLambdaBasicExecutionRole",
                            "policy_arn": "arn:aws:iam::aws:policy/service-role/AWSLambdaBasicExecutionRole",
                            "role": "lambda-store-to-db-StoreToDBFunctionRole-1Q27HWRJ6H37R"
                        },
                        "meta": {
                            "schema_version": 0
                        },
                        "tainted": false
                    },
                    "deposed": [],
                    "provider": "provider.aws"
                },
                "aws_iam_role_policy_attachment.tfer--lambda-store-to-db-StoreToDBFunctionRole-1Q27HWRJ6H37R_AmazonDynamoDBFullAccess": {
                    "type": "aws_iam_role_policy_attachment",
                    "depends_on": [],
                    "primary": {
                        "id": "lambda-store-to-db-StoreToDBFunctionRole-1Q27HWRJ6H37R/arn:aws:iam::aws:policy/AmazonDynamoDBFullAccess",
                        "attributes": {
                            "id": "lambda-store-to-db-StoreToDBFunctionRole-1Q27HWRJ6H37R/arn:aws:iam::aws:policy/AmazonDynamoDBFullAccess",
                            "policy_arn": "arn:aws:iam::aws:policy/AmazonDynamoDBFullAccess",
                            "role": "lambda-store-to-db-StoreToDBFunctionRole-1Q27HWRJ6H37R"
                        },
                        "meta": {
                            "schema_version": 0
                        },
                        "tainted": false
                    },
                    "deposed": [],
                    "provider": "provider.aws"
                },
                "aws_iam_role_policy_attachment.tfer--readfile-ReadFileFunctionRole-174X0W1E7BSON_AWSLambdaBasicExecutionRole": {
                    "type": "aws_iam_role_policy_attachment",
                    "depends_on": [],
                    "primary": {
                        "id": "readfile-ReadFileFunctionRole-174X0W1E7BSON/arn:aws:iam::aws:policy/service-role/AWSLambdaBasicExecutionRole",
                        "attributes": {
                            "id": "readfile-ReadFileFunctionRole-174X0W1E7BSON/arn:aws:iam::aws:policy/service-role/AWSLambdaBasicExecutionRole",
                            "policy_arn": "arn:aws:iam::aws:policy/service-role/AWSLambdaBasicExecutionRole",
                            "role": "readfile-ReadFileFunctionRole-174X0W1E7BSON"
                        },
                        "meta": {
                            "schema_version": 0
                        },
                        "tainted": false
                    },
                    "deposed": [],
                    "provider": "provider.aws"
                },
                "aws_iam_role_policy_attachment.tfer--readfile-ReadFileFunctionRole-174X0W1E7BSON_AmazonS3FullAccess": {
                    "type": "aws_iam_role_policy_attachment",
                    "depends_on": [],
                    "primary": {
                        "id": "readfile-ReadFileFunctionRole-174X0W1E7BSON/arn:aws:iam::aws:policy/AmazonS3FullAccess",
                        "attributes": {
                            "id": "readfile-ReadFileFunctionRole-174X0W1E7BSON/arn:aws:iam::aws:policy/AmazonS3FullAccess",
                            "policy_arn": "arn:aws:iam::aws:policy/AmazonS3FullAccess",
                            "role": "readfile-ReadFileFunctionRole-174X0W1E7BSON"
                        },
                        "meta": {
                            "schema_version": 0
                        },
                        "tainted": false
                    },
                    "deposed": [],
                    "provider": "provider.aws"
                },
                "aws_iam_role_policy_attachment.tfer--readfile-ReadFileFunctionRole-174X0W1E7BSON_AmazonS3OutpostsFullAccess": {
                    "type": "aws_iam_role_policy_attachment",
                    "depends_on": [],
                    "primary": {
                        "id": "readfile-ReadFileFunctionRole-174X0W1E7BSON/arn:aws:iam::aws:policy/AmazonS3OutpostsFullAccess",
                        "attributes": {
                            "id": "readfile-ReadFileFunctionRole-174X0W1E7BSON/arn:aws:iam::aws:policy/AmazonS3OutpostsFullAccess",
                            "policy_arn": "arn:aws:iam::aws:policy/AmazonS3OutpostsFullAccess",
                            "role": "readfile-ReadFileFunctionRole-174X0W1E7BSON"
                        },
                        "meta": {
                            "schema_version": 0
                        },
                        "tainted": false
                    },
                    "deposed": [],
                    "provider": "provider.aws"
                },
                "aws_iam_user.tfer--AIDAYPEC3Q6VBBWMIVNCU": {
                    "type": "aws_iam_user",
                    "depends_on": [],
                    "primary": {
                        "id": "akobr",
                        "attributes": {
                            "arn": "arn:aws:iam::582242502570:user/akobr",
                            "force_destroy": "false",
                            "id": "akobr",
                            "name": "akobr",
                            "path": "/",
                            "tags.%": "0",
                            "tags_all.%": "0",
                            "unique_id": "AIDAYPEC3Q6VBBWMIVNCU"
                        },
                        "meta": {
                            "schema_version": 0
                        },
                        "tainted": false
                    },
                    "deposed": [],
                    "provider": "provider.aws"
                },
                "aws_iam_user_group_membership.tfer--akobr-002F-Admin": {
                    "type": "aws_iam_user_group_membership",
                    "depends_on": [],
                    "primary": {
                        "id": "akobr/Admin",
                        "attributes": {
                            "groups.#": "1",
                            "groups.0": "Admin",
                            "id": "akobr/Admin",
                            "user": "akobr"
                        },
                        "meta": {
                            "schema_version": 0
                        },
                        "tainted": false
                    },
                    "deposed": [],
                    "provider": "provider.aws"
                },
                "aws_iam_user_policy_attachment.tfer--akobr_AWSCloudTrail_FullAccess": {
                    "type": "aws_iam_user_policy_attachment",
                    "depends_on": [],
                    "primary": {
                        "id": "akobr/arn:aws:iam::aws:policy/AWSCloudTrail_FullAccess",
                        "attributes": {
                            "id": "akobr/arn:aws:iam::aws:policy/AWSCloudTrail_FullAccess",
                            "policy_arn": "arn:aws:iam::aws:policy/AWSCloudTrail_FullAccess",
                            "user": "akobr"
                        },
                        "meta": {
                            "schema_version": 0
                        },
                        "tainted": false
                    },
                    "deposed": [],
                    "provider": "provider.aws"
                },
                "aws_iam_user_policy_attachment.tfer--akobr_AWSCodeDeployRoleForLambda": {
                    "type": "aws_iam_user_policy_attachment",
                    "depends_on": [],
                    "primary": {
                        "id": "akobr/arn:aws:iam::aws:policy/service-role/AWSCodeDeployRoleForLambda",
                        "attributes": {
                            "id": "akobr/arn:aws:iam::aws:policy/service-role/AWSCodeDeployRoleForLambda",
                            "policy_arn": "arn:aws:iam::aws:policy/service-role/AWSCodeDeployRoleForLambda",
                            "user": "akobr"
                        },
                        "meta": {
                            "schema_version": 0
                        },
                        "tainted": false
                    },
                    "deposed": [],
                    "provider": "provider.aws"
                },
                "aws_iam_user_policy_attachment.tfer--akobr_AWSLambdaExecute": {
                    "type": "aws_iam_user_policy_attachment",
                    "depends_on": [],
                    "primary": {
                        "id": "akobr/arn:aws:iam::aws:policy/AWSLambdaExecute",
                        "attributes": {
                            "id": "akobr/arn:aws:iam::aws:policy/AWSLambdaExecute",
                            "policy_arn": "arn:aws:iam::aws:policy/AWSLambdaExecute",
                            "user": "akobr"
                        },
                        "meta": {
                            "schema_version": 0
                        },
                        "tainted": false
                    },
                    "deposed": [],
                    "provider": "provider.aws"
                },
                "aws_iam_user_policy_attachment.tfer--akobr_AWSLambdaInvocation-DynamoDB": {
                    "type": "aws_iam_user_policy_attachment",
                    "depends_on": [],
                    "primary": {
                        "id": "akobr/arn:aws:iam::aws:policy/AWSLambdaInvocation-DynamoDB",
                        "attributes": {
                            "id": "akobr/arn:aws:iam::aws:policy/AWSLambdaInvocation-DynamoDB",
                            "policy_arn": "arn:aws:iam::aws:policy/AWSLambdaInvocation-DynamoDB",
                            "user": "akobr"
                        },
                        "meta": {
                            "schema_version": 0
                        },
                        "tainted": false
                    },
                    "deposed": [],
                    "provider": "provider.aws"
                },
                "aws_iam_user_policy_attachment.tfer--akobr_AWSLambdaRole": {
                    "type": "aws_iam_user_policy_attachment",
                    "depends_on": [],
                    "primary": {
                        "id": "akobr/arn:aws:iam::aws:policy/service-role/AWSLambdaRole",
                        "attributes": {
                            "id": "akobr/arn:aws:iam::aws:policy/service-role/AWSLambdaRole",
                            "policy_arn": "arn:aws:iam::aws:policy/service-role/AWSLambdaRole",
                            "user": "akobr"
                        },
                        "meta": {
                            "schema_version": 0
                        },
                        "tainted": false
                    },
                    "deposed": [],
                    "provider": "provider.aws"
                },
                "aws_iam_user_policy_attachment.tfer--akobr_AWSLambda_FullAccess": {
                    "type": "aws_iam_user_policy_attachment",
                    "depends_on": [],
                    "primary": {
                        "id": "akobr/arn:aws:iam::aws:policy/AWSLambda_FullAccess",
                        "attributes": {
                            "id": "akobr/arn:aws:iam::aws:policy/AWSLambda_FullAccess",
                            "policy_arn": "arn:aws:iam::aws:policy/AWSLambda_FullAccess",
                            "user": "akobr"
                        },
                        "meta": {
                            "schema_version": 0
                        },
                        "tainted": false
                    },
                    "deposed": [],
                    "provider": "provider.aws"
                },
                "aws_iam_user_policy_attachment.tfer--akobr_AmazonEventBridgeFullAccess": {
                    "type": "aws_iam_user_policy_attachment",
                    "depends_on": [],
                    "primary": {
                        "id": "akobr/arn:aws:iam::aws:policy/AmazonEventBridgeFullAccess",
                        "attributes": {
                            "id": "akobr/arn:aws:iam::aws:policy/AmazonEventBridgeFullAccess",
                            "policy_arn": "arn:aws:iam::aws:policy/AmazonEventBridgeFullAccess",
                            "user": "akobr"
                        },
                        "meta": {
                            "schema_version": 0
                        },
                        "tainted": false
                    },
                    "deposed": [],
                    "provider": "provider.aws"
                },
                "aws_iam_user_policy_attachment.tfer--akobr_AmazonS3FullAccess": {
                    "type": "aws_iam_user_policy_attachment",
                    "depends_on": [],
                    "primary": {
                        "id": "akobr/arn:aws:iam::aws:policy/AmazonS3FullAccess",
                        "attributes": {
                            "id": "akobr/arn:aws:iam::aws:policy/AmazonS3FullAccess",
                            "policy_arn": "arn:aws:iam::aws:policy/AmazonS3FullAccess",
                            "user": "akobr"
                        },
                        "meta": {
                            "schema_version": 0
                        },
                        "tainted": false
                    },
                    "deposed": [],
                    "provider": "provider.aws"
                },
                "aws_iam_user_policy_attachment.tfer--akobr_AmazonS3ObjectLambdaExecutionRolePolicy": {
                    "type": "aws_iam_user_policy_attachment",
                    "depends_on": [],
                    "primary": {
                        "id": "akobr/arn:aws:iam::aws:policy/service-role/AmazonS3ObjectLambdaExecutionRolePolicy",
                        "attributes": {
                            "id": "akobr/arn:aws:iam::aws:policy/service-role/AmazonS3ObjectLambdaExecutionRolePolicy",
                            "policy_arn": "arn:aws:iam::aws:policy/service-role/AmazonS3ObjectLambdaExecutionRolePolicy",
                            "user": "akobr"
                        },
                        "meta": {
                            "schema_version": 0
                        },
                        "tainted": false
                    },
                    "deposed": [],
                    "provider": "provider.aws"
                },
                "aws_iam_user_policy_attachment.tfer--akobr_AmazonS3OutpostsFullAccess": {
                    "type": "aws_iam_user_policy_attachment",
                    "depends_on": [],
                    "primary": {
                        "id": "akobr/arn:aws:iam::aws:policy/AmazonS3OutpostsFullAccess",
                        "attributes": {
                            "id": "akobr/arn:aws:iam::aws:policy/AmazonS3OutpostsFullAccess",
                            "policy_arn": "arn:aws:iam::aws:policy/AmazonS3OutpostsFullAccess",
                            "user": "akobr"
                        },
                        "meta": {
                            "schema_version": 0
                        },
                        "tainted": false
                    },
                    "deposed": [],
                    "provider": "provider.aws"
                }
            },
            "depends_on": []
        }
    ]
}
